<?xml version="1.0" encoding="UTF-8"?>
<!DOCTYPE plist PUBLIC "-//Apple//DTD PLIST 1.0//EN" "http://www.apple.com/DTDs/PropertyList-1.0.dtd">
<plist version="1.0">
<dict>
	<key>archiveVersion</key>
	<string>1</string>
	<key>classes</key>
	<dict/>
	<key>objectVersion</key>
	<string>46</string>
	<key>objects</key>
	<dict>
		<key>07B16D07775D87326722A583</key>
		<dict>
			<key>children</key>
			<array>
				<string>B243E7F66C0AD138CC25B3B5</string>
				<string>CEA45355C0F31945E1CFCEA2</string>
			</array>
			<key>isa</key>
			<string>PBXGroup</string>
			<key>name</key>
			<string>Frameworks</string>
			<key>sourceTree</key>
			<string>&lt;group&gt;</string>
		</dict>
		<key>112AB0AD1A3C8A8300F0C362</key>
		<dict>
			<key>children</key>
			<array>
				<string>112AB0AE1A3C8A9E00F0C362</string>
				<string>11E3AE271A41E05700D339F7</string>
			</array>
			<key>isa</key>
			<string>PBXGroup</string>
			<key>path</key>
			<string>Utils</string>
			<key>sourceTree</key>
			<string>&lt;group&gt;</string>
		</dict>
		<key>112AB0AE1A3C8A9E00F0C362</key>
		<dict>
			<key>fileEncoding</key>
			<string>4</string>
			<key>isa</key>
			<string>PBXFileReference</string>
			<key>lastKnownFileType</key>
			<string>sourcecode.swift</string>
			<key>path</key>
			<string>NSURL+urlBuilder_Tests.swift</string>
			<key>sourceTree</key>
			<string>&lt;group&gt;</string>
		</dict>
		<key>112AB0AF1A3C8A9E00F0C362</key>
		<dict>
			<key>fileRef</key>
			<string>112AB0AE1A3C8A9E00F0C362</string>
			<key>isa</key>
			<string>PBXBuildFile</string>
		</dict>
		<key>112AB0B01A3C8AA300F0C362</key>
		<dict>
			<key>fileRef</key>
			<string>11A4C5111A3C80EA00E9EAB2</string>
			<key>isa</key>
			<string>PBXBuildFile</string>
		</dict>
		<key>112AB0C81A3EFB3D00F0C362</key>
		<dict>
			<key>children</key>
			<array>
				<string>112AB0C91A3EFB3D00F0C362</string>
				<string>112AB0D01A3F01EC00F0C362</string>
				<string>112AB0D11A3F01EC00F0C362</string>
				<string>112AB0D21A3F01EC00F0C362</string>
				<string>112AB0D31A3F01EC00F0C362</string>
				<string>112AB0D81A3F029E00F0C362</string>
				<string>112AB0DF1A3F032600F0C362</string>
				<string>11E3AE171A41C13200D339F7</string>
			</array>
			<key>isa</key>
			<string>PBXGroup</string>
			<key>path</key>
			<string>Mocks</string>
			<key>sourceTree</key>
			<string>&lt;group&gt;</string>
		</dict>
		<key>112AB0C91A3EFB3D00F0C362</key>
		<dict>
			<key>fileEncoding</key>
			<string>4</string>
			<key>isa</key>
			<string>PBXFileReference</string>
			<key>lastKnownFileType</key>
			<string>text.json</string>
			<key>path</key>
			<string>artist.search-SalutCestCool.json</string>
			<key>sourceTree</key>
			<string>&lt;group&gt;</string>
		</dict>
		<key>112AB0CB1A3EFB3D00F0C362</key>
		<dict>
			<key>fileRef</key>
			<string>112AB0C91A3EFB3D00F0C362</string>
			<key>isa</key>
			<string>PBXBuildFile</string>
		</dict>
		<key>112AB0CD1A3EFB5500F0C362</key>
		<dict>
			<key>fileRef</key>
			<string>112AB0C91A3EFB3D00F0C362</string>
			<key>isa</key>
			<string>PBXBuildFile</string>
		</dict>
		<key>112AB0D01A3F01EC00F0C362</key>
		<dict>
			<key>fileEncoding</key>
			<string>4</string>
			<key>isa</key>
			<string>PBXFileReference</string>
			<key>lastKnownFileType</key>
			<string>text.json</string>
			<key>path</key>
			<string>artist.search-Salut-page1.json</string>
			<key>sourceTree</key>
			<string>&lt;group&gt;</string>
		</dict>
		<key>112AB0D11A3F01EC00F0C362</key>
		<dict>
			<key>fileEncoding</key>
			<string>4</string>
			<key>isa</key>
			<string>PBXFileReference</string>
			<key>lastKnownFileType</key>
			<string>text.json</string>
			<key>path</key>
			<string>artist.search-Salut-page2.json</string>
			<key>sourceTree</key>
			<string>&lt;group&gt;</string>
		</dict>
		<key>112AB0D21A3F01EC00F0C362</key>
		<dict>
			<key>fileEncoding</key>
			<string>4</string>
			<key>isa</key>
			<string>PBXFileReference</string>
			<key>lastKnownFileType</key>
			<string>text.json</string>
			<key>path</key>
			<string>artist.search-Salut-page3.json</string>
			<key>sourceTree</key>
			<string>&lt;group&gt;</string>
		</dict>
		<key>112AB0D31A3F01EC00F0C362</key>
		<dict>
			<key>fileEncoding</key>
			<string>4</string>
			<key>isa</key>
			<string>PBXFileReference</string>
			<key>lastKnownFileType</key>
			<string>text.json</string>
			<key>path</key>
			<string>artist.search-Salut-page4.json</string>
			<key>sourceTree</key>
			<string>&lt;group&gt;</string>
		</dict>
		<key>112AB0D41A3F01EC00F0C362</key>
		<dict>
			<key>fileRef</key>
			<string>112AB0D01A3F01EC00F0C362</string>
			<key>isa</key>
			<string>PBXBuildFile</string>
		</dict>
		<key>112AB0D51A3F01EC00F0C362</key>
		<dict>
			<key>fileRef</key>
			<string>112AB0D11A3F01EC00F0C362</string>
			<key>isa</key>
			<string>PBXBuildFile</string>
		</dict>
		<key>112AB0D61A3F01EC00F0C362</key>
		<dict>
			<key>fileRef</key>
			<string>112AB0D21A3F01EC00F0C362</string>
			<key>isa</key>
			<string>PBXBuildFile</string>
		</dict>
		<key>112AB0D71A3F01EC00F0C362</key>
		<dict>
			<key>fileRef</key>
			<string>112AB0D31A3F01EC00F0C362</string>
			<key>isa</key>
			<string>PBXBuildFile</string>
		</dict>
		<key>112AB0D81A3F029E00F0C362</key>
		<dict>
			<key>fileEncoding</key>
			<string>4</string>
			<key>isa</key>
			<string>PBXFileReference</string>
			<key>lastKnownFileType</key>
			<string>text.json</string>
			<key>path</key>
			<string>artist.search-Salut-page5.json</string>
			<key>sourceTree</key>
			<string>&lt;group&gt;</string>
		</dict>
		<key>112AB0D91A3F029E00F0C362</key>
		<dict>
			<key>fileRef</key>
			<string>112AB0D81A3F029E00F0C362</string>
			<key>isa</key>
			<string>PBXBuildFile</string>
		</dict>
		<key>112AB0DA1A3F02A300F0C362</key>
		<dict>
			<key>fileRef</key>
			<string>112AB0D01A3F01EC00F0C362</string>
			<key>isa</key>
			<string>PBXBuildFile</string>
		</dict>
		<key>112AB0DB1A3F02A300F0C362</key>
		<dict>
			<key>fileRef</key>
			<string>112AB0D11A3F01EC00F0C362</string>
			<key>isa</key>
			<string>PBXBuildFile</string>
		</dict>
		<key>112AB0DC1A3F02A300F0C362</key>
		<dict>
			<key>fileRef</key>
			<string>112AB0D21A3F01EC00F0C362</string>
			<key>isa</key>
			<string>PBXBuildFile</string>
		</dict>
		<key>112AB0DD1A3F02A300F0C362</key>
		<dict>
			<key>fileRef</key>
			<string>112AB0D31A3F01EC00F0C362</string>
			<key>isa</key>
			<string>PBXBuildFile</string>
		</dict>
		<key>112AB0DE1A3F02A300F0C362</key>
		<dict>
			<key>fileRef</key>
			<string>112AB0D81A3F029E00F0C362</string>
			<key>isa</key>
			<string>PBXBuildFile</string>
		</dict>
		<key>112AB0DF1A3F032600F0C362</key>
		<dict>
			<key>fileEncoding</key>
			<string>4</string>
			<key>isa</key>
			<string>PBXFileReference</string>
			<key>lastKnownFileType</key>
			<string>text.json</string>
			<key>path</key>
			<string>artist.getinfo-70c0cd8b-a942-4b8f-b421-b2b5218e23b6.json</string>
			<key>sourceTree</key>
			<string>&lt;group&gt;</string>
		</dict>
		<key>112AB0E01A3F032600F0C362</key>
		<dict>
			<key>fileRef</key>
			<string>112AB0DF1A3F032600F0C362</string>
			<key>isa</key>
			<string>PBXBuildFile</string>
		</dict>
		<key>112AB0E11A3F032E00F0C362</key>
		<dict>
			<key>fileRef</key>
			<string>112AB0DF1A3F032600F0C362</string>
			<key>isa</key>
			<string>PBXBuildFile</string>
		</dict>
		<key>11523DF51A430A8200A57F8B</key>
		<dict>
			<key>fileEncoding</key>
			<string>4</string>
			<key>isa</key>
			<string>PBXFileReference</string>
			<key>lastKnownFileType</key>
			<string>sourcecode.swift</string>
			<key>path</key>
			<string>ArtistTagTableViewCell.swift</string>
			<key>sourceTree</key>
			<string>&lt;group&gt;</string>
		</dict>
		<key>11523DF61A430A8200A57F8B</key>
		<dict>
			<key>fileRef</key>
			<string>11523DF51A430A8200A57F8B</string>
			<key>isa</key>
			<string>PBXBuildFile</string>
		</dict>
		<key>11523DFC1A431D3B00A57F8B</key>
		<dict>
			<key>fileEncoding</key>
			<string>4</string>
			<key>isa</key>
			<string>PBXFileReference</string>
			<key>lastKnownFileType</key>
			<string>sourcecode.swift</string>
			<key>path</key>
			<string>TagLabel.swift</string>
			<key>sourceTree</key>
			<string>&lt;group&gt;</string>
		</dict>
		<key>11523DFD1A431D3B00A57F8B</key>
		<dict>
			<key>fileRef</key>
			<string>11523DFC1A431D3B00A57F8B</string>
			<key>isa</key>
			<string>PBXBuildFile</string>
		</dict>
		<key>11523E8A1A4351E900A57F8B</key>
		<dict>
			<key>isa</key>
			<string>PBXFileReference</string>
			<key>lastKnownFileType</key>
			<string>sourcecode.c.h</string>
			<key>path</key>
			<string>Bridging-Header.h</string>
			<key>sourceTree</key>
			<string>&lt;group&gt;</string>
		</dict>
		<key>11A4C4C51A3C666000E9EAB2</key>
		<dict>
			<key>children</key>
			<array>
				<string>11A4C4D01A3C666100E9EAB2</string>
				<string>11A4C5011A3C7F4200E9EAB2</string>
				<string>11C26D741A4097D50059A049</string>
				<string>11A4C4CF1A3C666100E9EAB2</string>
				<string>87C527B7B96BBF399B2D772E</string>
				<string>07B16D07775D87326722A583</string>
			</array>
			<key>isa</key>
			<string>PBXGroup</string>
			<key>sourceTree</key>
			<string>&lt;group&gt;</string>
		</dict>
		<key>11A4C4C61A3C666100E9EAB2</key>
		<dict>
			<key>attributes</key>
			<dict>
				<key>LastUpgradeCheck</key>
				<string>0610</string>
				<key>ORGANIZATIONNAME</key>
				<string>Thibaut LE LEVIER</string>
				<key>TargetAttributes</key>
				<dict>
					<key>11A4C4CD1A3C666100E9EAB2</key>
					<dict>
						<key>CreatedOnToolsVersion</key>
						<string>6.1</string>
					</dict>
					<key>11A4C4FF1A3C7F4200E9EAB2</key>
					<dict>
						<key>CreatedOnToolsVersion</key>
						<string>6.1</string>
						<key>TestTargetID</key>
						<string>11A4C4CD1A3C666100E9EAB2</string>
					</dict>
					<key>11C26D721A4097D50059A049</key>
					<dict>
						<key>CreatedOnToolsVersion</key>
						<string>6.1</string>
						<key>TestTargetID</key>
						<string>11A4C4CD1A3C666100E9EAB2</string>
					</dict>
				</dict>
			</dict>
			<key>buildConfigurationList</key>
			<string>11A4C4C91A3C666100E9EAB2</string>
			<key>compatibilityVersion</key>
			<string>Xcode 3.2</string>
			<key>developmentRegion</key>
			<string>English</string>
			<key>hasScannedForEncodings</key>
			<string>0</string>
			<key>isa</key>
			<string>PBXProject</string>
			<key>knownRegions</key>
			<array>
				<string>en</string>
				<string>Base</string>
			</array>
			<key>mainGroup</key>
			<string>11A4C4C51A3C666000E9EAB2</string>
			<key>productRefGroup</key>
			<string>11A4C4CF1A3C666100E9EAB2</string>
			<key>projectDirPath</key>
			<string></string>
			<key>projectReferences</key>
			<array/>
			<key>projectRoot</key>
			<string></string>
			<key>targets</key>
			<array>
				<string>11A4C4CD1A3C666100E9EAB2</string>
				<string>11A4C4FF1A3C7F4200E9EAB2</string>
				<string>11C26D721A4097D50059A049</string>
			</array>
		</dict>
		<key>11A4C4C91A3C666100E9EAB2</key>
		<dict>
			<key>buildConfigurations</key>
			<array>
				<string>11A4C4EB1A3C666100E9EAB2</string>
				<string>11A4C4EC1A3C666100E9EAB2</string>
			</array>
			<key>defaultConfigurationIsVisible</key>
			<string>0</string>
			<key>defaultConfigurationName</key>
			<string>Release</string>
			<key>isa</key>
			<string>XCConfigurationList</string>
		</dict>
		<key>11A4C4CA1A3C666100E9EAB2</key>
		<dict>
			<key>buildActionMask</key>
			<string>2147483647</string>
			<key>files</key>
			<array>
				<string>11E3AE1B1A41C3F800D339F7</string>
				<string>11F79DD91A4207C100ACE33B</string>
				<string>11523DFD1A431D3B00A57F8B</string>
				<string>11F79E211A42EAAE00ACE33B</string>
				<string>11E3AE251A41DE8E00D339F7</string>
				<string>11A4C4F61A3C6C0E00E9EAB2</string>
				<string>11A4C5121A3C80EA00E9EAB2</string>
				<string>11C26AF91A4080E20059A049</string>
				<string>11F79DEC1A42E25E00ACE33B</string>
				<string>11F79DE51A42E25600ACE33B</string>
				<string>11E3AE1E1A41C42400D339F7</string>
				<string>11523DF61A430A8200A57F8B</string>
				<string>11C26AF21A3F68B30059A049</string>
				<string>11A4C4D41A3C666100E9EAB2</string>
			</array>
			<key>isa</key>
			<string>PBXSourcesBuildPhase</string>
			<key>runOnlyForDeploymentPostprocessing</key>
			<string>0</string>
		</dict>
		<key>11A4C4CB1A3C666100E9EAB2</key>
		<dict>
			<key>buildActionMask</key>
			<string>2147483647</string>
			<key>files</key>
			<array>
				<string>C3818B8FA1B6D55EF68C4D9C</string>
			</array>
			<key>isa</key>
			<string>PBXFrameworksBuildPhase</string>
			<key>runOnlyForDeploymentPostprocessing</key>
			<string>0</string>
		</dict>
		<key>11A4C4CC1A3C666100E9EAB2</key>
		<dict>
			<key>buildActionMask</key>
			<string>2147483647</string>
			<key>files</key>
			<array>
				<string>112AB0D91A3F029E00F0C362</string>
				<string>11A4C4D91A3C666100E9EAB2</string>
				<string>112AB0D71A3F01EC00F0C362</string>
				<string>112AB0D41A3F01EC00F0C362</string>
				<string>11A4C4DE1A3C666100E9EAB2</string>
				<string>112AB0D61A3F01EC00F0C362</string>
				<string>112AB0E01A3F032600F0C362</string>
				<string>11E3AE181A41C13200D339F7</string>
				<string>112AB0D51A3F01EC00F0C362</string>
				<string>112AB0CB1A3EFB3D00F0C362</string>
				<string>11A4C4DB1A3C666100E9EAB2</string>
			</array>
			<key>isa</key>
			<string>PBXResourcesBuildPhase</string>
			<key>runOnlyForDeploymentPostprocessing</key>
			<string>0</string>
		</dict>
		<key>11A4C4CD1A3C666100E9EAB2</key>
		<dict>
			<key>buildConfigurationList</key>
			<string>11A4C4ED1A3C666100E9EAB2</string>
			<key>buildPhases</key>
			<array>
				<string>F66A16BBEFB6624B5CE25498</string>
				<string>11A4C4CA1A3C666100E9EAB2</string>
				<string>11A4C4CB1A3C666100E9EAB2</string>
				<string>11A4C4CC1A3C666100E9EAB2</string>
				<string>6DEF6ECA6037187D3809FE44</string>
			</array>
			<key>buildRules</key>
			<array/>
			<key>dependencies</key>
			<array/>
			<key>isa</key>
			<string>PBXNativeTarget</string>
			<key>name</key>
			<string>LastFMTest</string>
			<key>productName</key>
			<string>LastFMTest</string>
			<key>productReference</key>
			<string>11A4C4CE1A3C666100E9EAB2</string>
			<key>productType</key>
			<string>com.apple.product-type.application</string>
		</dict>
		<key>11A4C4CE1A3C666100E9EAB2</key>
		<dict>
			<key>explicitFileType</key>
			<string>wrapper.application</string>
			<key>includeInIndex</key>
			<string>0</string>
			<key>isa</key>
			<string>PBXFileReference</string>
			<key>path</key>
			<string>LastFMTest.app</string>
			<key>sourceTree</key>
			<string>BUILT_PRODUCTS_DIR</string>
		</dict>
		<key>11A4C4CF1A3C666100E9EAB2</key>
		<dict>
			<key>children</key>
			<array>
				<string>11A4C4CE1A3C666100E9EAB2</string>
				<string>11A4C5001A3C7F4200E9EAB2</string>
				<string>11C26D731A4097D50059A049</string>
			</array>
			<key>isa</key>
			<string>PBXGroup</string>
			<key>name</key>
			<string>Products</string>
			<key>sourceTree</key>
			<string>&lt;group&gt;</string>
		</dict>
		<key>11A4C4D01A3C666100E9EAB2</key>
		<dict>
			<key>children</key>
			<array>
				<string>112AB0C81A3EFB3D00F0C362</string>
				<string>11A4C4F31A3C683200E9EAB2</string>
				<string>11A4C4D31A3C666100E9EAB2</string>
				<string>11A4C4D71A3C666100E9EAB2</string>
				<string>11A4C4DA1A3C666100E9EAB2</string>
				<string>11A4C4DC1A3C666100E9EAB2</string>
				<string>11A4C4D11A3C666100E9EAB2</string>
				<string>11523E8A1A4351E900A57F8B</string>
			</array>
			<key>isa</key>
			<string>PBXGroup</string>
			<key>path</key>
			<string>LastFMTest</string>
			<key>sourceTree</key>
			<string>&lt;group&gt;</string>
		</dict>
		<key>11A4C4D11A3C666100E9EAB2</key>
		<dict>
			<key>children</key>
			<array>
				<string>11A4C4D21A3C666100E9EAB2</string>
			</array>
			<key>isa</key>
			<string>PBXGroup</string>
			<key>name</key>
			<string>Supporting Files</string>
			<key>sourceTree</key>
			<string>&lt;group&gt;</string>
		</dict>
		<key>11A4C4D21A3C666100E9EAB2</key>
		<dict>
			<key>isa</key>
			<string>PBXFileReference</string>
			<key>lastKnownFileType</key>
			<string>text.plist.xml</string>
			<key>path</key>
			<string>Info.plist</string>
			<key>sourceTree</key>
			<string>&lt;group&gt;</string>
		</dict>
		<key>11A4C4D31A3C666100E9EAB2</key>
		<dict>
			<key>isa</key>
			<string>PBXFileReference</string>
			<key>lastKnownFileType</key>
			<string>sourcecode.swift</string>
			<key>path</key>
			<string>AppDelegate.swift</string>
			<key>sourceTree</key>
			<string>&lt;group&gt;</string>
		</dict>
		<key>11A4C4D41A3C666100E9EAB2</key>
		<dict>
			<key>fileRef</key>
			<string>11A4C4D31A3C666100E9EAB2</string>
			<key>isa</key>
			<string>PBXBuildFile</string>
		</dict>
		<key>11A4C4D71A3C666100E9EAB2</key>
		<dict>
			<key>children</key>
			<array>
				<string>11A4C4D81A3C666100E9EAB2</string>
			</array>
			<key>isa</key>
			<string>PBXVariantGroup</string>
			<key>name</key>
			<string>Main.storyboard</string>
			<key>sourceTree</key>
			<string>&lt;group&gt;</string>
		</dict>
		<key>11A4C4D81A3C666100E9EAB2</key>
		<dict>
			<key>isa</key>
			<string>PBXFileReference</string>
			<key>lastKnownFileType</key>
			<string>file.storyboard</string>
			<key>name</key>
			<string>Base</string>
			<key>path</key>
			<string>Base.lproj/Main.storyboard</string>
			<key>sourceTree</key>
			<string>&lt;group&gt;</string>
		</dict>
		<key>11A4C4D91A3C666100E9EAB2</key>
		<dict>
			<key>fileRef</key>
			<string>11A4C4D71A3C666100E9EAB2</string>
			<key>isa</key>
			<string>PBXBuildFile</string>
		</dict>
		<key>11A4C4DA1A3C666100E9EAB2</key>
		<dict>
			<key>isa</key>
			<string>PBXFileReference</string>
			<key>lastKnownFileType</key>
			<string>folder.assetcatalog</string>
			<key>path</key>
			<string>Images.xcassets</string>
			<key>sourceTree</key>
			<string>&lt;group&gt;</string>
		</dict>
		<key>11A4C4DB1A3C666100E9EAB2</key>
		<dict>
			<key>fileRef</key>
			<string>11A4C4DA1A3C666100E9EAB2</string>
			<key>isa</key>
			<string>PBXBuildFile</string>
		</dict>
		<key>11A4C4DC1A3C666100E9EAB2</key>
		<dict>
			<key>children</key>
			<array>
				<string>11A4C4DD1A3C666100E9EAB2</string>
			</array>
			<key>isa</key>
			<string>PBXVariantGroup</string>
			<key>name</key>
			<string>LaunchScreen.xib</string>
			<key>sourceTree</key>
			<string>&lt;group&gt;</string>
		</dict>
		<key>11A4C4DD1A3C666100E9EAB2</key>
		<dict>
			<key>isa</key>
			<string>PBXFileReference</string>
			<key>lastKnownFileType</key>
			<string>file.xib</string>
			<key>name</key>
			<string>Base</string>
			<key>path</key>
			<string>Base.lproj/LaunchScreen.xib</string>
			<key>sourceTree</key>
			<string>&lt;group&gt;</string>
		</dict>
		<key>11A4C4DE1A3C666100E9EAB2</key>
		<dict>
			<key>fileRef</key>
			<string>11A4C4DC1A3C666100E9EAB2</string>
			<key>isa</key>
			<string>PBXBuildFile</string>
		</dict>
		<key>11A4C4EB1A3C666100E9EAB2</key>
		<dict>
			<key>buildSettings</key>
			<dict>
				<key>ALWAYS_SEARCH_USER_PATHS</key>
				<string>NO</string>
				<key>CLANG_CXX_LANGUAGE_STANDARD</key>
				<string>gnu++0x</string>
				<key>CLANG_CXX_LIBRARY</key>
				<string>libc++</string>
				<key>CLANG_ENABLE_MODULES</key>
				<string>YES</string>
				<key>CLANG_ENABLE_OBJC_ARC</key>
				<string>YES</string>
				<key>CLANG_WARN_BOOL_CONVERSION</key>
				<string>YES</string>
				<key>CLANG_WARN_CONSTANT_CONVERSION</key>
				<string>YES</string>
				<key>CLANG_WARN_DIRECT_OBJC_ISA_USAGE</key>
				<string>YES_ERROR</string>
				<key>CLANG_WARN_EMPTY_BODY</key>
				<string>YES</string>
				<key>CLANG_WARN_ENUM_CONVERSION</key>
				<string>YES</string>
				<key>CLANG_WARN_INT_CONVERSION</key>
				<string>YES</string>
				<key>CLANG_WARN_OBJC_ROOT_CLASS</key>
				<string>YES_ERROR</string>
				<key>CLANG_WARN_UNREACHABLE_CODE</key>
				<string>YES</string>
				<key>CLANG_WARN__DUPLICATE_METHOD_MATCH</key>
				<string>YES</string>
				<key>CODE_SIGN_IDENTITY[sdk=iphoneos*]</key>
				<string>iPhone Developer</string>
				<key>COPY_PHASE_STRIP</key>
				<string>NO</string>
				<key>ENABLE_STRICT_OBJC_MSGSEND</key>
				<string>YES</string>
				<key>GCC_C_LANGUAGE_STANDARD</key>
				<string>gnu99</string>
				<key>GCC_DYNAMIC_NO_PIC</key>
				<string>NO</string>
				<key>GCC_OPTIMIZATION_LEVEL</key>
				<string>0</string>
				<key>GCC_PREPROCESSOR_DEFINITIONS</key>
				<array>
					<string>DEBUG=1</string>
					<string>$(inherited)</string>
				</array>
				<key>GCC_SYMBOLS_PRIVATE_EXTERN</key>
				<string>NO</string>
				<key>GCC_WARN_64_TO_32_BIT_CONVERSION</key>
				<string>YES</string>
				<key>GCC_WARN_ABOUT_RETURN_TYPE</key>
				<string>YES_ERROR</string>
				<key>GCC_WARN_UNDECLARED_SELECTOR</key>
				<string>YES</string>
				<key>GCC_WARN_UNINITIALIZED_AUTOS</key>
				<string>YES_AGGRESSIVE</string>
				<key>GCC_WARN_UNUSED_FUNCTION</key>
				<string>YES</string>
				<key>GCC_WARN_UNUSED_VARIABLE</key>
				<string>YES</string>
				<key>IPHONEOS_DEPLOYMENT_TARGET</key>
				<string>8.1</string>
				<key>MTL_ENABLE_DEBUG_INFO</key>
				<string>YES</string>
				<key>ONLY_ACTIVE_ARCH</key>
				<string>YES</string>
				<key>SDKROOT</key>
				<string>iphoneos</string>
				<key>SWIFT_OPTIMIZATION_LEVEL</key>
				<string>-Onone</string>
			</dict>
			<key>isa</key>
			<string>XCBuildConfiguration</string>
			<key>name</key>
			<string>Debug</string>
		</dict>
		<key>11A4C4EC1A3C666100E9EAB2</key>
		<dict>
			<key>buildSettings</key>
			<dict>
				<key>ALWAYS_SEARCH_USER_PATHS</key>
				<string>NO</string>
				<key>CLANG_CXX_LANGUAGE_STANDARD</key>
				<string>gnu++0x</string>
				<key>CLANG_CXX_LIBRARY</key>
				<string>libc++</string>
				<key>CLANG_ENABLE_MODULES</key>
				<string>YES</string>
				<key>CLANG_ENABLE_OBJC_ARC</key>
				<string>YES</string>
				<key>CLANG_WARN_BOOL_CONVERSION</key>
				<string>YES</string>
				<key>CLANG_WARN_CONSTANT_CONVERSION</key>
				<string>YES</string>
				<key>CLANG_WARN_DIRECT_OBJC_ISA_USAGE</key>
				<string>YES_ERROR</string>
				<key>CLANG_WARN_EMPTY_BODY</key>
				<string>YES</string>
				<key>CLANG_WARN_ENUM_CONVERSION</key>
				<string>YES</string>
				<key>CLANG_WARN_INT_CONVERSION</key>
				<string>YES</string>
				<key>CLANG_WARN_OBJC_ROOT_CLASS</key>
				<string>YES_ERROR</string>
				<key>CLANG_WARN_UNREACHABLE_CODE</key>
				<string>YES</string>
				<key>CLANG_WARN__DUPLICATE_METHOD_MATCH</key>
				<string>YES</string>
				<key>CODE_SIGN_IDENTITY[sdk=iphoneos*]</key>
				<string>iPhone Developer</string>
				<key>COPY_PHASE_STRIP</key>
				<string>YES</string>
				<key>ENABLE_NS_ASSERTIONS</key>
				<string>NO</string>
				<key>ENABLE_STRICT_OBJC_MSGSEND</key>
				<string>YES</string>
				<key>GCC_C_LANGUAGE_STANDARD</key>
				<string>gnu99</string>
				<key>GCC_WARN_64_TO_32_BIT_CONVERSION</key>
				<string>YES</string>
				<key>GCC_WARN_ABOUT_RETURN_TYPE</key>
				<string>YES_ERROR</string>
				<key>GCC_WARN_UNDECLARED_SELECTOR</key>
				<string>YES</string>
				<key>GCC_WARN_UNINITIALIZED_AUTOS</key>
				<string>YES_AGGRESSIVE</string>
				<key>GCC_WARN_UNUSED_FUNCTION</key>
				<string>YES</string>
				<key>GCC_WARN_UNUSED_VARIABLE</key>
				<string>YES</string>
				<key>IPHONEOS_DEPLOYMENT_TARGET</key>
				<string>8.1</string>
				<key>MTL_ENABLE_DEBUG_INFO</key>
				<string>NO</string>
				<key>SDKROOT</key>
				<string>iphoneos</string>
				<key>VALIDATE_PRODUCT</key>
				<string>YES</string>
			</dict>
			<key>isa</key>
			<string>XCBuildConfiguration</string>
			<key>name</key>
			<string>Release</string>
		</dict>
		<key>11A4C4ED1A3C666100E9EAB2</key>
		<dict>
			<key>buildConfigurations</key>
			<array>
				<string>11A4C4EE1A3C666100E9EAB2</string>
				<string>11A4C4EF1A3C666100E9EAB2</string>
			</array>
			<key>defaultConfigurationIsVisible</key>
			<string>0</string>
			<key>defaultConfigurationName</key>
			<string>Release</string>
			<key>isa</key>
			<string>XCConfigurationList</string>
		</dict>
		<key>11A4C4EE1A3C666100E9EAB2</key>
		<dict>
			<key>baseConfigurationReference</key>
			<string>7A1590150E90BCFBCD8419BD</string>
			<key>buildSettings</key>
			<dict>
				<key>ASSETCATALOG_COMPILER_APPICON_NAME</key>
				<string>AppIcon</string>
				<key>INFOPLIST_FILE</key>
				<string>LastFMTest/Info.plist</string>
				<key>LD_RUNPATH_SEARCH_PATHS</key>
				<string>$(inherited) @executable_path/Frameworks</string>
				<key>PRODUCT_NAME</key>
				<string>$(TARGET_NAME)</string>
				<key>SWIFT_OBJC_BRIDGING_HEADER</key>
				<string>LastFMTest/Bridging-Header.h</string>
			</dict>
			<key>isa</key>
			<string>XCBuildConfiguration</string>
			<key>name</key>
			<string>Debug</string>
		</dict>
		<key>11A4C4EF1A3C666100E9EAB2</key>
		<dict>
			<key>baseConfigurationReference</key>
			<string>8DBFCFFE41CD6A96EB3BACD6</string>
			<key>buildSettings</key>
			<dict>
				<key>ASSETCATALOG_COMPILER_APPICON_NAME</key>
				<string>AppIcon</string>
				<key>INFOPLIST_FILE</key>
				<string>LastFMTest/Info.plist</string>
				<key>LD_RUNPATH_SEARCH_PATHS</key>
				<string>$(inherited) @executable_path/Frameworks</string>
				<key>PRODUCT_NAME</key>
				<string>$(TARGET_NAME)</string>
				<key>SWIFT_OBJC_BRIDGING_HEADER</key>
				<string>LastFMTest/Bridging-Header.h</string>
			</dict>
			<key>isa</key>
			<string>XCBuildConfiguration</string>
			<key>name</key>
			<string>Release</string>
		</dict>
		<key>11A4C4F31A3C683200E9EAB2</key>
		<dict>
			<key>children</key>
			<array>
				<string>11F79DD71A42079000ACE33B</string>
				<string>11C26AF71A4080BA0059A049</string>
				<string>11C26AEF1A3F67740059A049</string>
				<string>11A4C5101A3C80B600E9EAB2</string>
				<string>11A4C4F41A3C684400E9EAB2</string>
			</array>
			<key>isa</key>
			<string>PBXGroup</string>
			<key>path</key>
			<string>Classes</string>
			<key>sourceTree</key>
			<string>&lt;group&gt;</string>
		</dict>
		<key>11A4C4F41A3C684400E9EAB2</key>
		<dict>
			<key>children</key>
			<array>
				<string>11A4C4F51A3C6C0E00E9EAB2</string>
			</array>
			<key>isa</key>
			<string>PBXGroup</string>
			<key>path</key>
			<string>APIClients</string>
			<key>sourceTree</key>
			<string>&lt;group&gt;</string>
		</dict>
		<key>11A4C4F51A3C6C0E00E9EAB2</key>
		<dict>
			<key>fileEncoding</key>
			<string>4</string>
			<key>isa</key>
			<string>PBXFileReference</string>
			<key>lastKnownFileType</key>
			<string>sourcecode.swift</string>
			<key>path</key>
			<string>LFMAPIClient.swift</string>
			<key>sourceTree</key>
			<string>&lt;group&gt;</string>
		</dict>
		<key>11A4C4F61A3C6C0E00E9EAB2</key>
		<dict>
			<key>fileRef</key>
			<string>11A4C4F51A3C6C0E00E9EAB2</string>
			<key>isa</key>
			<string>PBXBuildFile</string>
		</dict>
		<key>11A4C4FC1A3C7F4200E9EAB2</key>
		<dict>
			<key>buildActionMask</key>
			<string>2147483647</string>
			<key>files</key>
			<array>
				<string>11E3AE261A41DE8E00D339F7</string>
				<string>11E3AE281A41E05700D339F7</string>
				<string>112AB0AF1A3C8A9E00F0C362</string>
				<string>11A4C50E1A3C7F5B00E9EAB2</string>
				<string>11C26AF61A4079CE0059A049</string>
				<string>11E3AE211A41CD9A00D339F7</string>
				<string>11E3AE1F1A41C42400D339F7</string>
				<string>11E3AE231A41D70500D339F7</string>
				<string>11E3AE1C1A41C3F800D339F7</string>
				<string>112AB0B01A3C8AA300F0C362</string>
				<string>11C26AF31A3F68DC0059A049</string>
				<string>11A4C50F1A3C7F6600E9EAB2</string>
			</array>
			<key>isa</key>
			<string>PBXSourcesBuildPhase</string>
			<key>runOnlyForDeploymentPostprocessing</key>
			<string>0</string>
		</dict>
		<key>11A4C4FD1A3C7F4200E9EAB2</key>
		<dict>
			<key>buildActionMask</key>
			<string>2147483647</string>
			<key>files</key>
			<array/>
			<key>isa</key>
			<string>PBXFrameworksBuildPhase</string>
			<key>runOnlyForDeploymentPostprocessing</key>
			<string>0</string>
		</dict>
		<key>11A4C4FE1A3C7F4200E9EAB2</key>
		<dict>
			<key>buildActionMask</key>
			<string>2147483647</string>
			<key>files</key>
			<array>
				<string>11E3AE191A41C13200D339F7</string>
				<string>112AB0DE1A3F02A300F0C362</string>
				<string>112AB0E11A3F032E00F0C362</string>
				<string>112AB0DD1A3F02A300F0C362</string>
				<string>112AB0DC1A3F02A300F0C362</string>
				<string>112AB0DA1A3F02A300F0C362</string>
				<string>112AB0DB1A3F02A300F0C362</string>
				<string>112AB0CD1A3EFB5500F0C362</string>
			</array>
			<key>isa</key>
			<string>PBXResourcesBuildPhase</string>
			<key>runOnlyForDeploymentPostprocessing</key>
			<string>0</string>
		</dict>
		<key>11A4C4FF1A3C7F4200E9EAB2</key>
		<dict>
			<key>buildConfigurationList</key>
			<string>11A4C5081A3C7F4300E9EAB2</string>
			<key>buildPhases</key>
			<array>
				<string>11A4C4FC1A3C7F4200E9EAB2</string>
				<string>11A4C4FD1A3C7F4200E9EAB2</string>
				<string>11A4C4FE1A3C7F4200E9EAB2</string>
			</array>
			<key>buildRules</key>
			<array/>
			<key>dependencies</key>
			<array>
				<string>11A4C5071A3C7F4200E9EAB2</string>
			</array>
			<key>isa</key>
			<string>PBXNativeTarget</string>
			<key>name</key>
			<string>Tests</string>
			<key>productName</key>
			<string>Tests</string>
			<key>productReference</key>
			<string>11A4C5001A3C7F4200E9EAB2</string>
			<key>productType</key>
			<string>com.apple.product-type.bundle.unit-test</string>
		</dict>
		<key>11A4C5001A3C7F4200E9EAB2</key>
		<dict>
			<key>explicitFileType</key>
			<string>wrapper.cfbundle</string>
			<key>includeInIndex</key>
			<string>0</string>
			<key>isa</key>
			<string>PBXFileReference</string>
			<key>path</key>
			<string>Tests.xctest</string>
			<key>sourceTree</key>
			<string>BUILT_PRODUCTS_DIR</string>
		</dict>
		<key>11A4C5011A3C7F4200E9EAB2</key>
		<dict>
			<key>children</key>
			<array>
				<string>11A4C50B1A3C7F5B00E9EAB2</string>
				<string>11A4C5021A3C7F4200E9EAB2</string>
			</array>
			<key>isa</key>
			<string>PBXGroup</string>
			<key>path</key>
			<string>Tests</string>
			<key>sourceTree</key>
			<string>&lt;group&gt;</string>
		</dict>
		<key>11A4C5021A3C7F4200E9EAB2</key>
		<dict>
			<key>children</key>
			<array>
				<string>11A4C5031A3C7F4200E9EAB2</string>
			</array>
			<key>isa</key>
			<string>PBXGroup</string>
			<key>name</key>
			<string>Supporting Files</string>
			<key>sourceTree</key>
			<string>&lt;group&gt;</string>
		</dict>
		<key>11A4C5031A3C7F4200E9EAB2</key>
		<dict>
			<key>isa</key>
			<string>PBXFileReference</string>
			<key>lastKnownFileType</key>
			<string>text.plist.xml</string>
			<key>path</key>
			<string>Info.plist</string>
			<key>sourceTree</key>
			<string>&lt;group&gt;</string>
		</dict>
		<key>11A4C5061A3C7F4200E9EAB2</key>
		<dict>
			<key>containerPortal</key>
			<string>11A4C4C61A3C666100E9EAB2</string>
			<key>isa</key>
			<string>PBXContainerItemProxy</string>
			<key>proxyType</key>
			<string>1</string>
			<key>remoteGlobalIDString</key>
			<string>11A4C4CD1A3C666100E9EAB2</string>
			<key>remoteInfo</key>
			<string>LastFMTest</string>
		</dict>
		<key>11A4C5071A3C7F4200E9EAB2</key>
		<dict>
			<key>isa</key>
			<string>PBXTargetDependency</string>
			<key>target</key>
			<string>11A4C4CD1A3C666100E9EAB2</string>
			<key>targetProxy</key>
			<string>11A4C5061A3C7F4200E9EAB2</string>
		</dict>
		<key>11A4C5081A3C7F4300E9EAB2</key>
		<dict>
			<key>buildConfigurations</key>
			<array>
				<string>11A4C5091A3C7F4300E9EAB2</string>
				<string>11A4C50A1A3C7F4300E9EAB2</string>
			</array>
			<key>defaultConfigurationIsVisible</key>
			<string>0</string>
			<key>defaultConfigurationName</key>
			<string>Release</string>
			<key>isa</key>
			<string>XCConfigurationList</string>
		</dict>
		<key>11A4C5091A3C7F4300E9EAB2</key>
		<dict>
			<key>buildSettings</key>
			<dict>
				<key>BUNDLE_LOADER</key>
				<string>$(TEST_HOST)</string>
				<key>FRAMEWORK_SEARCH_PATHS</key>
				<array>
					<string>$(SDKROOT)/Developer/Library/Frameworks</string>
					<string>$(inherited)</string>
				</array>
				<key>GCC_PREPROCESSOR_DEFINITIONS</key>
				<array>
					<string>DEBUG=1</string>
					<string>$(inherited)</string>
				</array>
				<key>INFOPLIST_FILE</key>
				<string>Tests/Info.plist</string>
				<key>LD_RUNPATH_SEARCH_PATHS</key>
				<string>$(inherited) @executable_path/Frameworks @loader_path/Frameworks</string>
				<key>OTHER_SWIFT_FLAGS</key>
				<string>-D TESTING</string>
				<key>PRODUCT_NAME</key>
				<string>$(TARGET_NAME)</string>
				<key>TEST_HOST</key>
				<string>$(BUILT_PRODUCTS_DIR)/LastFMTest.app/LastFMTest</string>
			</dict>
			<key>isa</key>
			<string>XCBuildConfiguration</string>
			<key>name</key>
			<string>Debug</string>
		</dict>
		<key>11A4C50A1A3C7F4300E9EAB2</key>
		<dict>
			<key>buildSettings</key>
			<dict>
				<key>BUNDLE_LOADER</key>
				<string>$(TEST_HOST)</string>
				<key>FRAMEWORK_SEARCH_PATHS</key>
				<array>
					<string>$(SDKROOT)/Developer/Library/Frameworks</string>
					<string>$(inherited)</string>
				</array>
				<key>INFOPLIST_FILE</key>
				<string>Tests/Info.plist</string>
				<key>LD_RUNPATH_SEARCH_PATHS</key>
				<string>$(inherited) @executable_path/Frameworks @loader_path/Frameworks</string>
				<key>OTHER_SWIFT_FLAGS</key>
				<string>-D TESTING</string>
				<key>PRODUCT_NAME</key>
				<string>$(TARGET_NAME)</string>
				<key>TEST_HOST</key>
				<string>$(BUILT_PRODUCTS_DIR)/LastFMTest.app/LastFMTest</string>
			</dict>
			<key>isa</key>
			<string>XCBuildConfiguration</string>
			<key>name</key>
			<string>Release</string>
		</dict>
		<key>11A4C50B1A3C7F5B00E9EAB2</key>
		<dict>
			<key>children</key>
			<array>
				<string>11C26AF41A4079B30059A049</string>
				<string>112AB0AD1A3C8A8300F0C362</string>
				<string>11A4C50C1A3C7F5B00E9EAB2</string>
			</array>
			<key>isa</key>
			<string>PBXGroup</string>
			<key>path</key>
			<string>Classes</string>
			<key>sourceTree</key>
			<string>&lt;group&gt;</string>
		</dict>
		<key>11A4C50C1A3C7F5B00E9EAB2</key>
		<dict>
			<key>children</key>
			<array>
				<string>11A4C50D1A3C7F5B00E9EAB2</string>
			</array>
			<key>isa</key>
			<string>PBXGroup</string>
			<key>path</key>
			<string>APIClients</string>
			<key>sourceTree</key>
			<string>&lt;group&gt;</string>
		</dict>
		<key>11A4C50D1A3C7F5B00E9EAB2</key>
		<dict>
			<key>fileEncoding</key>
			<string>4</string>
			<key>isa</key>
			<string>PBXFileReference</string>
			<key>lastKnownFileType</key>
			<string>sourcecode.swift</string>
			<key>path</key>
			<string>LFMAPIClient_Tests.swift</string>
			<key>sourceTree</key>
			<string>&lt;group&gt;</string>
		</dict>
		<key>11A4C50E1A3C7F5B00E9EAB2</key>
		<dict>
			<key>fileRef</key>
			<string>11A4C50D1A3C7F5B00E9EAB2</string>
			<key>isa</key>
			<string>PBXBuildFile</string>
		</dict>
		<key>11A4C50F1A3C7F6600E9EAB2</key>
		<dict>
			<key>fileRef</key>
			<string>11A4C4F51A3C6C0E00E9EAB2</string>
			<key>isa</key>
			<string>PBXBuildFile</string>
		</dict>
		<key>11A4C5101A3C80B600E9EAB2</key>
		<dict>
			<key>children</key>
			<array>
				<string>11A4C5111A3C80EA00E9EAB2</string>
				<string>11E3AE241A41DE8E00D339F7</string>
			</array>
			<key>isa</key>
			<string>PBXGroup</string>
			<key>path</key>
			<string>Utils</string>
			<key>sourceTree</key>
			<string>&lt;group&gt;</string>
		</dict>
		<key>11A4C5111A3C80EA00E9EAB2</key>
		<dict>
			<key>fileEncoding</key>
			<string>4</string>
			<key>isa</key>
			<string>PBXFileReference</string>
			<key>lastKnownFileType</key>
			<string>sourcecode.swift</string>
			<key>path</key>
			<string>NSURL+urlBuilder.swift</string>
			<key>sourceTree</key>
			<string>&lt;group&gt;</string>
		</dict>
		<key>11A4C5121A3C80EA00E9EAB2</key>
		<dict>
			<key>fileRef</key>
			<string>11A4C5111A3C80EA00E9EAB2</string>
			<key>isa</key>
			<string>PBXBuildFile</string>
		</dict>
		<key>11C26AEF1A3F67740059A049</key>
		<dict>
			<key>children</key>
			<array>
				<string>11C26AF11A3F68B30059A049</string>
				<string>11E3AE1A1A41C3F800D339F7</string>
				<string>11E3AE1D1A41C42400D339F7</string>
			</array>
			<key>isa</key>
			<string>PBXGroup</string>
			<key>path</key>
			<string>Models</string>
			<key>sourceTree</key>
			<string>&lt;group&gt;</string>
		</dict>
		<key>11C26AF11A3F68B30059A049</key>
		<dict>
			<key>fileEncoding</key>
			<string>4</string>
			<key>isa</key>
			<string>PBXFileReference</string>
			<key>lastKnownFileType</key>
			<string>sourcecode.swift</string>
			<key>path</key>
			<string>Artist.swift</string>
			<key>sourceTree</key>
			<string>&lt;group&gt;</string>
		</dict>
		<key>11C26AF21A3F68B30059A049</key>
		<dict>
			<key>fileRef</key>
			<string>11C26AF11A3F68B30059A049</string>
			<key>isa</key>
			<string>PBXBuildFile</string>
		</dict>
		<key>11C26AF31A3F68DC0059A049</key>
		<dict>
			<key>fileRef</key>
			<string>11C26AF11A3F68B30059A049</string>
			<key>isa</key>
			<string>PBXBuildFile</string>
		</dict>
		<key>11C26AF41A4079B30059A049</key>
		<dict>
			<key>children</key>
			<array>
				<string>11C26AF51A4079CE0059A049</string>
				<string>11E3AE201A41CD9A00D339F7</string>
				<string>11E3AE221A41D70500D339F7</string>
			</array>
			<key>isa</key>
			<string>PBXGroup</string>
			<key>path</key>
			<string>Models</string>
			<key>sourceTree</key>
			<string>&lt;group&gt;</string>
		</dict>
		<key>11C26AF51A4079CE0059A049</key>
		<dict>
			<key>fileEncoding</key>
			<string>4</string>
			<key>isa</key>
			<string>PBXFileReference</string>
			<key>lastKnownFileType</key>
			<string>sourcecode.swift</string>
			<key>path</key>
			<string>Artist_Tests.swift</string>
			<key>sourceTree</key>
			<string>&lt;group&gt;</string>
		</dict>
		<key>11C26AF61A4079CE0059A049</key>
		<dict>
			<key>fileRef</key>
			<string>11C26AF51A4079CE0059A049</string>
			<key>isa</key>
			<string>PBXBuildFile</string>
		</dict>
		<key>11C26AF71A4080BA0059A049</key>
		<dict>
			<key>children</key>
			<array>
				<string>11C26AF81A4080E20059A049</string>
				<string>11F79DEB1A42E25E00ACE33B</string>
			</array>
			<key>isa</key>
			<string>PBXGroup</string>
			<key>path</key>
			<string>Controllers</string>
			<key>sourceTree</key>
			<string>&lt;group&gt;</string>
		</dict>
		<key>11C26AF81A4080E20059A049</key>
		<dict>
			<key>fileEncoding</key>
			<string>4</string>
			<key>isa</key>
			<string>PBXFileReference</string>
			<key>lastKnownFileType</key>
			<string>sourcecode.swift</string>
			<key>path</key>
			<string>SearchTableViewController.swift</string>
			<key>sourceTree</key>
			<string>&lt;group&gt;</string>
		</dict>
		<key>11C26AF91A4080E20059A049</key>
		<dict>
			<key>fileRef</key>
			<string>11C26AF81A4080E20059A049</string>
			<key>isa</key>
			<string>PBXBuildFile</string>
		</dict>
		<key>11C26D6F1A4097D50059A049</key>
		<dict>
			<key>buildActionMask</key>
			<string>2147483647</string>
			<key>files</key>
			<array>
				<string>11C26D951A40998B0059A049</string>
			</array>
			<key>isa</key>
			<string>PBXSourcesBuildPhase</string>
			<key>runOnlyForDeploymentPostprocessing</key>
			<string>0</string>
		</dict>
		<key>11C26D701A4097D50059A049</key>
		<dict>
			<key>buildActionMask</key>
			<string>2147483647</string>
			<key>files</key>
			<array>
				<string>11C26D7F1A4098090059A049</string>
				<string>3EA97100660BDDC3520A614E</string>
			</array>
			<key>isa</key>
			<string>PBXFrameworksBuildPhase</string>
			<key>runOnlyForDeploymentPostprocessing</key>
			<string>0</string>
		</dict>
		<key>11C26D711A4097D50059A049</key>
		<dict>
			<key>buildActionMask</key>
			<string>2147483647</string>
			<key>files</key>
			<array/>
			<key>isa</key>
			<string>PBXResourcesBuildPhase</string>
			<key>runOnlyForDeploymentPostprocessing</key>
			<string>0</string>
		</dict>
		<key>11C26D721A4097D50059A049</key>
		<dict>
			<key>buildConfigurationList</key>
			<string>11C26D7B1A4097D50059A049</string>
			<key>buildPhases</key>
			<array>
				<string>DC9B25D0118E03452D095E45</string>
				<string>11C26D6F1A4097D50059A049</string>
				<string>11C26D701A4097D50059A049</string>
				<string>11C26D711A4097D50059A049</string>
				<string>9EABAD70032A8E2D2B8678C2</string>
			</array>
			<key>buildRules</key>
			<array/>
			<key>dependencies</key>
			<array>
				<string>11C26D7A1A4097D50059A049</string>
			</array>
			<key>isa</key>
			<string>PBXNativeTarget</string>
			<key>name</key>
			<string>UITests</string>
			<key>productName</key>
			<string>UITests</string>
			<key>productReference</key>
			<string>11C26D731A4097D50059A049</string>
			<key>productType</key>
			<string>com.apple.product-type.bundle.unit-test</string>
		</dict>
		<key>11C26D731A4097D50059A049</key>
		<dict>
			<key>explicitFileType</key>
			<string>wrapper.cfbundle</string>
			<key>includeInIndex</key>
			<string>0</string>
			<key>isa</key>
			<string>PBXFileReference</string>
			<key>path</key>
			<string>UITests.xctest</string>
			<key>sourceTree</key>
			<string>BUILT_PRODUCTS_DIR</string>
		</dict>
		<key>11C26D741A4097D50059A049</key>
		<dict>
			<key>children</key>
			<array>
				<string>11C26D7E1A4098090059A049</string>
				<string>11C26D751A4097D50059A049</string>
				<string>11C26D941A40998B0059A049</string>
				<string>11C26D961A4099BA0059A049</string>
			</array>
			<key>isa</key>
			<string>PBXGroup</string>
			<key>path</key>
			<string>UITests</string>
			<key>sourceTree</key>
			<string>&lt;group&gt;</string>
		</dict>
		<key>11C26D751A4097D50059A049</key>
		<dict>
			<key>children</key>
			<array>
				<string>11C26D761A4097D50059A049</string>
			</array>
			<key>isa</key>
			<string>PBXGroup</string>
			<key>name</key>
			<string>Supporting Files</string>
			<key>sourceTree</key>
			<string>&lt;group&gt;</string>
		</dict>
		<key>11C26D761A4097D50059A049</key>
		<dict>
			<key>isa</key>
			<string>PBXFileReference</string>
			<key>lastKnownFileType</key>
			<string>text.plist.xml</string>
			<key>path</key>
			<string>Info.plist</string>
			<key>sourceTree</key>
			<string>&lt;group&gt;</string>
		</dict>
		<key>11C26D791A4097D50059A049</key>
		<dict>
			<key>containerPortal</key>
			<string>11A4C4C61A3C666100E9EAB2</string>
			<key>isa</key>
			<string>PBXContainerItemProxy</string>
			<key>proxyType</key>
			<string>1</string>
			<key>remoteGlobalIDString</key>
			<string>11A4C4CD1A3C666100E9EAB2</string>
			<key>remoteInfo</key>
			<string>LastFMTest</string>
		</dict>
		<key>11C26D7A1A4097D50059A049</key>
		<dict>
			<key>isa</key>
			<string>PBXTargetDependency</string>
			<key>target</key>
			<string>11A4C4CD1A3C666100E9EAB2</string>
			<key>targetProxy</key>
			<string>11C26D791A4097D50059A049</string>
		</dict>
		<key>11C26D7B1A4097D50059A049</key>
		<dict>
			<key>buildConfigurations</key>
			<array>
				<string>11C26D7C1A4097D50059A049</string>
				<string>11C26D7D1A4097D50059A049</string>
			</array>
			<key>defaultConfigurationIsVisible</key>
			<string>0</string>
			<key>defaultConfigurationName</key>
			<string>Release</string>
			<key>isa</key>
			<string>XCConfigurationList</string>
		</dict>
		<key>11C26D7C1A4097D50059A049</key>
		<dict>
			<key>baseConfigurationReference</key>
			<string>65C686C441F73E06C0FE40D1</string>
			<key>buildSettings</key>
			<dict>
				<key>BUNDLE_LOADER</key>
				<string>$(BUILT_PRODUCTS_DIR)/LastFMTest.app/LastFMTest</string>
				<key>CLANG_ENABLE_MODULES</key>
				<string>YES</string>
				<key>FRAMEWORK_SEARCH_PATHS</key>
				<array>
					<string>$(SDKROOT)/Developer/Library/Frameworks</string>
					<string>$(inherited)</string>
				</array>
				<key>GCC_PREPROCESSOR_DEFINITIONS</key>
				<array>
					<string>DEBUG=1</string>
					<string>$(inherited)</string>
				</array>
				<key>INFOPLIST_FILE</key>
				<string>UITests/Info.plist</string>
				<key>LD_RUNPATH_SEARCH_PATHS</key>
				<string>$(inherited) @executable_path/Frameworks @loader_path/Frameworks</string>
				<key>OTHER_LDFLAGS</key>
				<array>
					<string>$(inherited)</string>
					<string>-framework</string>
					<string>XCTest</string>
					<string>-ObjC</string>
				</array>
				<key>PRODUCT_NAME</key>
				<string>$(TARGET_NAME)</string>
				<key>SWIFT_OBJC_BRIDGING_HEADER</key>
				<string>${SRCROOT}/UITests/BridgingHeader.h</string>
				<key>SWIFT_OPTIMIZATION_LEVEL</key>
				<string>-Onone</string>
				<key>TEST_HOST</key>
				<string>$(BUILT_PRODUCTS_DIR)/LastFMTest.app/LastFMTest</string>
			</dict>
			<key>isa</key>
			<string>XCBuildConfiguration</string>
			<key>name</key>
			<string>Debug</string>
		</dict>
		<key>11C26D7D1A4097D50059A049</key>
		<dict>
			<key>baseConfigurationReference</key>
			<string>6378C78BA9FAB3CDF1D0FE05</string>
			<key>buildSettings</key>
			<dict>
				<key>BUNDLE_LOADER</key>
				<string>$(BUILT_PRODUCTS_DIR)/LastFMTest.app/LastFMTest</string>
				<key>CLANG_ENABLE_MODULES</key>
				<string>YES</string>
				<key>FRAMEWORK_SEARCH_PATHS</key>
				<array>
					<string>$(SDKROOT)/Developer/Library/Frameworks</string>
					<string>$(inherited)</string>
				</array>
				<key>INFOPLIST_FILE</key>
				<string>UITests/Info.plist</string>
				<key>LD_RUNPATH_SEARCH_PATHS</key>
				<string>$(inherited) @executable_path/Frameworks @loader_path/Frameworks</string>
				<key>OTHER_LDFLAGS</key>
				<array>
					<string>$(inherited)</string>
					<string>-framework</string>
					<string>XCTest</string>
					<string>-ObjC</string>
				</array>
				<key>PRODUCT_NAME</key>
				<string>$(TARGET_NAME)</string>
				<key>SWIFT_OBJC_BRIDGING_HEADER</key>
				<string>${SRCROOT}/UITests/BridgingHeader.h</string>
				<key>TEST_HOST</key>
				<string>$(BUILT_PRODUCTS_DIR)/LastFMTest.app/LastFMTest</string>
			</dict>
			<key>isa</key>
			<string>XCBuildConfiguration</string>
			<key>name</key>
			<string>Release</string>
		</dict>
		<key>11C26D7E1A4098090059A049</key>
		<dict>
			<key>isa</key>
			<string>PBXFileReference</string>
			<key>lastKnownFileType</key>
			<string>wrapper.framework</string>
			<key>name</key>
			<string>CoreGraphics.framework</string>
			<key>path</key>
			<string>System/Library/Frameworks/CoreGraphics.framework</string>
			<key>sourceTree</key>
			<string>SDKROOT</string>
		</dict>
		<key>11C26D7F1A4098090059A049</key>
		<dict>
			<key>fileRef</key>
			<string>11C26D7E1A4098090059A049</string>
			<key>isa</key>
			<string>PBXBuildFile</string>
		</dict>
		<key>11C26D941A40998B0059A049</key>
		<dict>
			<key>fileEncoding</key>
			<string>4</string>
			<key>isa</key>
			<string>PBXFileReference</string>
			<key>lastKnownFileType</key>
			<string>sourcecode.swift</string>
			<key>path</key>
			<string>UITests.swift</string>
			<key>sourceTree</key>
			<string>&lt;group&gt;</string>
		</dict>
		<key>11C26D951A40998B0059A049</key>
		<dict>
			<key>fileRef</key>
			<string>11C26D941A40998B0059A049</string>
			<key>isa</key>
			<string>PBXBuildFile</string>
		</dict>
		<key>11C26D961A4099BA0059A049</key>
		<dict>
			<key>isa</key>
			<string>PBXFileReference</string>
			<key>lastKnownFileType</key>
			<string>sourcecode.c.h</string>
			<key>path</key>
			<string>BridgingHeader.h</string>
			<key>sourceTree</key>
			<string>&lt;group&gt;</string>
		</dict>
		<key>11E3AE171A41C13200D339F7</key>
		<dict>
			<key>fileEncoding</key>
			<string>4</string>
			<key>isa</key>
			<string>PBXFileReference</string>
			<key>lastKnownFileType</key>
			<string>text.json</string>
			<key>path</key>
			<string>artist.getinfo-Cher.json</string>
			<key>sourceTree</key>
			<string>&lt;group&gt;</string>
		</dict>
		<key>11E3AE181A41C13200D339F7</key>
		<dict>
			<key>fileRef</key>
			<string>11E3AE171A41C13200D339F7</string>
			<key>isa</key>
			<string>PBXBuildFile</string>
		</dict>
		<key>11E3AE191A41C13200D339F7</key>
		<dict>
			<key>fileRef</key>
			<string>11E3AE171A41C13200D339F7</string>
			<key>isa</key>
			<string>PBXBuildFile</string>
		</dict>
		<key>11E3AE1A1A41C3F800D339F7</key>
		<dict>
			<key>fileEncoding</key>
			<string>4</string>
			<key>isa</key>
			<string>PBXFileReference</string>
			<key>lastKnownFileType</key>
			<string>sourcecode.swift</string>
			<key>path</key>
			<string>Tag.swift</string>
			<key>sourceTree</key>
			<string>&lt;group&gt;</string>
		</dict>
		<key>11E3AE1B1A41C3F800D339F7</key>
		<dict>
			<key>fileRef</key>
			<string>11E3AE1A1A41C3F800D339F7</string>
			<key>isa</key>
			<string>PBXBuildFile</string>
		</dict>
		<key>11E3AE1C1A41C3F800D339F7</key>
		<dict>
			<key>fileRef</key>
			<string>11E3AE1A1A41C3F800D339F7</string>
			<key>isa</key>
			<string>PBXBuildFile</string>
		</dict>
		<key>11E3AE1D1A41C42400D339F7</key>
		<dict>
			<key>fileEncoding</key>
			<string>4</string>
			<key>isa</key>
			<string>PBXFileReference</string>
			<key>lastKnownFileType</key>
			<string>sourcecode.swift</string>
			<key>path</key>
			<string>ArtistBio.swift</string>
			<key>sourceTree</key>
			<string>&lt;group&gt;</string>
		</dict>
		<key>11E3AE1E1A41C42400D339F7</key>
		<dict>
			<key>fileRef</key>
			<string>11E3AE1D1A41C42400D339F7</string>
			<key>isa</key>
			<string>PBXBuildFile</string>
		</dict>
		<key>11E3AE1F1A41C42400D339F7</key>
		<dict>
			<key>fileRef</key>
			<string>11E3AE1D1A41C42400D339F7</string>
			<key>isa</key>
			<string>PBXBuildFile</string>
		</dict>
		<key>11E3AE201A41CD9A00D339F7</key>
		<dict>
			<key>fileEncoding</key>
			<string>4</string>
			<key>isa</key>
			<string>PBXFileReference</string>
			<key>lastKnownFileType</key>
			<string>sourcecode.swift</string>
			<key>path</key>
			<string>Tag_Tests.swift</string>
			<key>sourceTree</key>
			<string>&lt;group&gt;</string>
		</dict>
		<key>11E3AE211A41CD9A00D339F7</key>
		<dict>
			<key>fileRef</key>
			<string>11E3AE201A41CD9A00D339F7</string>
			<key>isa</key>
			<string>PBXBuildFile</string>
		</dict>
		<key>11E3AE221A41D70500D339F7</key>
		<dict>
			<key>fileEncoding</key>
			<string>4</string>
			<key>isa</key>
			<string>PBXFileReference</string>
			<key>lastKnownFileType</key>
			<string>sourcecode.swift</string>
			<key>path</key>
			<string>ArtistBio_Tests.swift</string>
			<key>sourceTree</key>
			<string>&lt;group&gt;</string>
		</dict>
		<key>11E3AE231A41D70500D339F7</key>
		<dict>
			<key>fileRef</key>
			<string>11E3AE221A41D70500D339F7</string>
			<key>isa</key>
			<string>PBXBuildFile</string>
		</dict>
		<key>11E3AE241A41DE8E00D339F7</key>
		<dict>
			<key>fileEncoding</key>
			<string>4</string>
			<key>isa</key>
			<string>PBXFileReference</string>
			<key>lastKnownFileType</key>
			<string>sourcecode.swift</string>
			<key>path</key>
			<string>NSDate+apiDate.swift</string>
			<key>sourceTree</key>
			<string>&lt;group&gt;</string>
		</dict>
		<key>11E3AE251A41DE8E00D339F7</key>
		<dict>
			<key>fileRef</key>
			<string>11E3AE241A41DE8E00D339F7</string>
			<key>isa</key>
			<string>PBXBuildFile</string>
		</dict>
		<key>11E3AE261A41DE8E00D339F7</key>
		<dict>
			<key>fileRef</key>
			<string>11E3AE241A41DE8E00D339F7</string>
			<key>isa</key>
			<string>PBXBuildFile</string>
		</dict>
		<key>11E3AE271A41E05700D339F7</key>
		<dict>
			<key>fileEncoding</key>
			<string>4</string>
			<key>isa</key>
			<string>PBXFileReference</string>
			<key>lastKnownFileType</key>
			<string>sourcecode.swift</string>
			<key>path</key>
			<string>NSDate+apiDate_Tests.swift</string>
			<key>sourceTree</key>
			<string>&lt;group&gt;</string>
		</dict>
		<key>11E3AE281A41E05700D339F7</key>
		<dict>
			<key>fileRef</key>
			<string>11E3AE271A41E05700D339F7</string>
			<key>isa</key>
			<string>PBXBuildFile</string>
		</dict>
		<key>11F79DD71A42079000ACE33B</key>
		<dict>
			<key>children</key>
			<array>
				<string>11F79DD81A4207C100ACE33B</string>
				<string>11F79DE41A42E25600ACE33B</string>
				<string>11F79E201A42EAAE00ACE33B</string>
				<string>11523DF51A430A8200A57F8B</string>
				<string>11523DFC1A431D3B00A57F8B</string>
			</array>
			<key>isa</key>
			<string>PBXGroup</string>
			<key>path</key>
			<string>Views</string>
			<key>sourceTree</key>
			<string>&lt;group&gt;</string>
		</dict>
		<key>11F79DD81A4207C100ACE33B</key>
		<dict>
			<key>fileEncoding</key>
			<string>4</string>
			<key>isa</key>
			<string>PBXFileReference</string>
			<key>lastKnownFileType</key>
			<string>sourcecode.swift</string>
			<key>path</key>
			<string>ArtistTableViewCell.swift</string>
			<key>sourceTree</key>
			<string>&lt;group&gt;</string>
		</dict>
		<key>11F79DD91A4207C100ACE33B</key>
		<dict>
			<key>fileRef</key>
			<string>11F79DD81A4207C100ACE33B</string>
			<key>isa</key>
			<string>PBXBuildFile</string>
		</dict>
		<key>11F79DE41A42E25600ACE33B</key>
		<dict>
			<key>fileEncoding</key>
			<string>4</string>
			<key>isa</key>
			<string>PBXFileReference</string>
			<key>lastKnownFileType</key>
			<string>sourcecode.swift</string>
			<key>path</key>
			<string>ArtistHeaderTableViewCell.swift</string>
			<key>sourceTree</key>
			<string>&lt;group&gt;</string>
		</dict>
		<key>11F79DE51A42E25600ACE33B</key>
		<dict>
			<key>fileRef</key>
			<string>11F79DE41A42E25600ACE33B</string>
			<key>isa</key>
			<string>PBXBuildFile</string>
		</dict>
		<key>11F79DEB1A42E25E00ACE33B</key>
		<dict>
			<key>fileEncoding</key>
			<string>4</string>
			<key>isa</key>
			<string>PBXFileReference</string>
			<key>lastKnownFileType</key>
			<string>sourcecode.swift</string>
			<key>path</key>
			<string>ArtistTableViewController.swift</string>
			<key>sourceTree</key>
			<string>&lt;group&gt;</string>
		</dict>
		<key>11F79DEC1A42E25E00ACE33B</key>
		<dict>
			<key>fileRef</key>
			<string>11F79DEB1A42E25E00ACE33B</string>
			<key>isa</key>
			<string>PBXBuildFile</string>
		</dict>
		<key>11F79E201A42EAAE00ACE33B</key>
		<dict>
			<key>fileEncoding</key>
			<string>4</string>
			<key>isa</key>
			<string>PBXFileReference</string>
			<key>lastKnownFileType</key>
			<string>sourcecode.swift</string>
			<key>path</key>
			<string>ArtistBioTableViewCell.swift</string>
			<key>sourceTree</key>
			<string>&lt;group&gt;</string>
		</dict>
		<key>11F79E211A42EAAE00ACE33B</key>
		<dict>
			<key>fileRef</key>
			<string>11F79E201A42EAAE00ACE33B</string>
			<key>isa</key>
			<string>PBXBuildFile</string>
		</dict>
		<key>3EA97100660BDDC3520A614E</key>
		<dict>
			<key>fileRef</key>
			<string>CEA45355C0F31945E1CFCEA2</string>
			<key>isa</key>
			<string>PBXBuildFile</string>
		</dict>
		<key>6378C78BA9FAB3CDF1D0FE05</key>
		<dict>
			<key>includeInIndex</key>
			<string>1</string>
			<key>isa</key>
			<string>PBXFileReference</string>
			<key>lastKnownFileType</key>
			<string>text.xcconfig</string>
			<key>name</key>
			<string>Pods-UITests.release.xcconfig</string>
			<key>path</key>
			<string>Pods/Target Support Files/Pods-UITests/Pods-UITests.release.xcconfig</string>
			<key>sourceTree</key>
			<string>&lt;group&gt;</string>
		</dict>
		<key>65C686C441F73E06C0FE40D1</key>
		<dict>
			<key>includeInIndex</key>
			<string>1</string>
			<key>isa</key>
			<string>PBXFileReference</string>
			<key>lastKnownFileType</key>
			<string>text.xcconfig</string>
			<key>name</key>
			<string>Pods-UITests.debug.xcconfig</string>
			<key>path</key>
			<string>Pods/Target Support Files/Pods-UITests/Pods-UITests.debug.xcconfig</string>
			<key>sourceTree</key>
			<string>&lt;group&gt;</string>
		</dict>
		<key>6DEF6ECA6037187D3809FE44</key>
		<dict>
			<key>buildActionMask</key>
			<string>2147483647</string>
			<key>files</key>
			<array/>
			<key>inputPaths</key>
			<array/>
			<key>isa</key>
			<string>PBXShellScriptBuildPhase</string>
			<key>name</key>
			<string>Copy Pods Resources</string>
			<key>outputPaths</key>
			<array/>
			<key>runOnlyForDeploymentPostprocessing</key>
			<string>0</string>
			<key>shellPath</key>
			<string>/bin/sh</string>
			<key>shellScript</key>
			<string>"${SRCROOT}/Pods/Target Support Files/Pods/Pods-resources.sh"
</string>
			<key>showEnvVarsInLog</key>
			<string>0</string>
		</dict>
		<key>7A1590150E90BCFBCD8419BD</key>
		<dict>
			<key>includeInIndex</key>
			<string>1</string>
			<key>isa</key>
			<string>PBXFileReference</string>
			<key>lastKnownFileType</key>
			<string>text.xcconfig</string>
			<key>name</key>
			<string>Pods.debug.xcconfig</string>
			<key>path</key>
			<string>Pods/Target Support Files/Pods/Pods.debug.xcconfig</string>
			<key>sourceTree</key>
			<string>&lt;group&gt;</string>
		</dict>
		<key>87C527B7B96BBF399B2D772E</key>
		<dict>
			<key>children</key>
			<array>
				<string>7A1590150E90BCFBCD8419BD</string>
				<string>8DBFCFFE41CD6A96EB3BACD6</string>
				<string>65C686C441F73E06C0FE40D1</string>
				<string>6378C78BA9FAB3CDF1D0FE05</string>
			</array>
			<key>isa</key>
			<string>PBXGroup</string>
			<key>name</key>
			<string>Pods</string>
			<key>sourceTree</key>
			<string>&lt;group&gt;</string>
		</dict>
		<key>8DBFCFFE41CD6A96EB3BACD6</key>
		<dict>
			<key>includeInIndex</key>
			<string>1</string>
			<key>isa</key>
			<string>PBXFileReference</string>
			<key>lastKnownFileType</key>
			<string>text.xcconfig</string>
			<key>name</key>
			<string>Pods.release.xcconfig</string>
			<key>path</key>
			<string>Pods/Target Support Files/Pods/Pods.release.xcconfig</string>
			<key>sourceTree</key>
			<string>&lt;group&gt;</string>
		</dict>
		<key>9EABAD70032A8E2D2B8678C2</key>
		<dict>
			<key>buildActionMask</key>
			<string>2147483647</string>
			<key>files</key>
			<array/>
			<key>inputPaths</key>
			<array/>
			<key>isa</key>
			<string>PBXShellScriptBuildPhase</string>
			<key>name</key>
			<string>Copy Pods Resources</string>
			<key>outputPaths</key>
			<array/>
			<key>runOnlyForDeploymentPostprocessing</key>
			<string>0</string>
			<key>shellPath</key>
			<string>/bin/sh</string>
			<key>shellScript</key>
			<string>"${SRCROOT}/Pods/Target Support Files/Pods-UITests/Pods-UITests-resources.sh"
</string>
			<key>showEnvVarsInLog</key>
			<string>0</string>
		</dict>
		<key>B243E7F66C0AD138CC25B3B5</key>
		<dict>
			<key>explicitFileType</key>
			<string>archive.ar</string>
			<key>includeInIndex</key>
			<string>0</string>
			<key>isa</key>
			<string>PBXFileReference</string>
			<key>path</key>
			<string>libPods.a</string>
			<key>sourceTree</key>
			<string>BUILT_PRODUCTS_DIR</string>
		</dict>
		<key>C3818B8FA1B6D55EF68C4D9C</key>
		<dict>
			<key>fileRef</key>
			<string>B243E7F66C0AD138CC25B3B5</string>
			<key>isa</key>
			<string>PBXBuildFile</string>
		</dict>
		<key>CEA45355C0F31945E1CFCEA2</key>
		<dict>
			<key>explicitFileType</key>
			<string>archive.ar</string>
			<key>includeInIndex</key>
			<string>0</string>
			<key>isa</key>
			<string>PBXFileReference</string>
			<key>path</key>
			<string>libPods-UITests.a</string>
			<key>sourceTree</key>
			<string>BUILT_PRODUCTS_DIR</string>
		</dict>
		<key>DC9B25D0118E03452D095E45</key>
		<dict>
			<key>buildActionMask</key>
			<string>2147483647</string>
			<key>files</key>
			<array/>
			<key>inputPaths</key>
			<array/>
			<key>isa</key>
			<string>PBXShellScriptBuildPhase</string>
			<key>name</key>
			<string>Check Pods Manifest.lock</string>
			<key>outputPaths</key>
			<array/>
			<key>runOnlyForDeploymentPostprocessing</key>
			<string>0</string>
			<key>shellPath</key>
			<string>/bin/sh</string>
			<key>shellScript</key>
			<string>diff "${PODS_ROOT}/../Podfile.lock" "${PODS_ROOT}/Manifest.lock" &gt; /dev/null
if [[ $? != 0 ]] ; then
    cat &lt;&lt; EOM
error: The sandbox is not in sync with the Podfile.lock. Run 'pod install' or update your CocoaPods installation.
EOM
    exit 1
fi
</string>
			<key>showEnvVarsInLog</key>
			<string>0</string>
		</dict>
		<key>F66A16BBEFB6624B5CE25498</key>
		<dict>
			<key>buildActionMask</key>
			<string>2147483647</string>
			<key>files</key>
			<array/>
			<key>inputPaths</key>
			<array/>
			<key>isa</key>
			<string>PBXShellScriptBuildPhase</string>
			<key>name</key>
			<string>Check Pods Manifest.lock</string>
			<key>outputPaths</key>
			<array/>
			<key>runOnlyForDeploymentPostprocessing</key>
			<string>0</string>
			<key>shellPath</key>
			<string>/bin/sh</string>
			<key>shellScript</key>
			<string>diff "${PODS_ROOT}/../Podfile.lock" "${PODS_ROOT}/Manifest.lock" &gt; /dev/null
if [[ $? != 0 ]] ; then
    cat &lt;&lt; EOM
error: The sandbox is not in sync with the Podfile.lock. Run 'pod install' or update your CocoaPods installation.
EOM
    exit 1
fi
</string>
			<key>showEnvVarsInLog</key>
			<string>0</string>
		</dict>
	</dict>
	<key>rootObject</key>
	<string>11A4C4C61A3C666100E9EAB2</string>
</dict>
</plist>
