// !$*UTF8*$!
{
	archiveVersion = 1;
	classes = {
	};
	objectVersion = 46;
	objects = {

/* Begin PBXBuildFile section */
		112AB0AF1A3C8A9E00F0C362 /* NSURL+urlBuilder_Tests.swift in Sources */ = {isa = PBXBuildFile; fileRef = 112AB0AE1A3C8A9E00F0C362 /* NSURL+urlBuilder_Tests.swift */; };
		112AB0B01A3C8AA300F0C362 /* NSURL+urlBuilder.swift in Sources */ = {isa = PBXBuildFile; fileRef = 11A4C5111A3C80EA00E9EAB2 /* NSURL+urlBuilder.swift */; };
		112AB0CB1A3EFB3D00F0C362 /* artist.search-SalutCestCool.json in Resources */ = {isa = PBXBuildFile; fileRef = 112AB0C91A3EFB3D00F0C362 /* artist.search-SalutCestCool.json */; };
		112AB0CD1A3EFB5500F0C362 /* artist.search-SalutCestCool.json in Resources */ = {isa = PBXBuildFile; fileRef = 112AB0C91A3EFB3D00F0C362 /* artist.search-SalutCestCool.json */; };
		112AB0D41A3F01EC00F0C362 /* artist.search-Salut-page1.json in Resources */ = {isa = PBXBuildFile; fileRef = 112AB0D01A3F01EC00F0C362 /* artist.search-Salut-page1.json */; };
		112AB0D51A3F01EC00F0C362 /* artist.search-Salut-page2.json in Resources */ = {isa = PBXBuildFile; fileRef = 112AB0D11A3F01EC00F0C362 /* artist.search-Salut-page2.json */; };
		112AB0D61A3F01EC00F0C362 /* artist.search-Salut-page3.json in Resources */ = {isa = PBXBuildFile; fileRef = 112AB0D21A3F01EC00F0C362 /* artist.search-Salut-page3.json */; };
		112AB0D71A3F01EC00F0C362 /* artist.search-Salut-page4.json in Resources */ = {isa = PBXBuildFile; fileRef = 112AB0D31A3F01EC00F0C362 /* artist.search-Salut-page4.json */; };
		112AB0D91A3F029E00F0C362 /* artist.search-Salut-page5.json in Resources */ = {isa = PBXBuildFile; fileRef = 112AB0D81A3F029E00F0C362 /* artist.search-Salut-page5.json */; };
		112AB0DA1A3F02A300F0C362 /* artist.search-Salut-page1.json in Resources */ = {isa = PBXBuildFile; fileRef = 112AB0D01A3F01EC00F0C362 /* artist.search-Salut-page1.json */; };
		112AB0DB1A3F02A300F0C362 /* artist.search-Salut-page2.json in Resources */ = {isa = PBXBuildFile; fileRef = 112AB0D11A3F01EC00F0C362 /* artist.search-Salut-page2.json */; };
		112AB0DC1A3F02A300F0C362 /* artist.search-Salut-page3.json in Resources */ = {isa = PBXBuildFile; fileRef = 112AB0D21A3F01EC00F0C362 /* artist.search-Salut-page3.json */; };
		112AB0DD1A3F02A300F0C362 /* artist.search-Salut-page4.json in Resources */ = {isa = PBXBuildFile; fileRef = 112AB0D31A3F01EC00F0C362 /* artist.search-Salut-page4.json */; };
		112AB0DE1A3F02A300F0C362 /* artist.search-Salut-page5.json in Resources */ = {isa = PBXBuildFile; fileRef = 112AB0D81A3F029E00F0C362 /* artist.search-Salut-page5.json */; };
		112AB0E01A3F032600F0C362 /* artist.getinfo-70c0cd8b-a942-4b8f-b421-b2b5218e23b6.json in Resources */ = {isa = PBXBuildFile; fileRef = 112AB0DF1A3F032600F0C362 /* artist.getinfo-70c0cd8b-a942-4b8f-b421-b2b5218e23b6.json */; };
		112AB0E11A3F032E00F0C362 /* artist.getinfo-70c0cd8b-a942-4b8f-b421-b2b5218e23b6.json in Resources */ = {isa = PBXBuildFile; fileRef = 112AB0DF1A3F032600F0C362 /* artist.getinfo-70c0cd8b-a942-4b8f-b421-b2b5218e23b6.json */; };
		11A4C4D41A3C666100E9EAB2 /* AppDelegate.swift in Sources */ = {isa = PBXBuildFile; fileRef = 11A4C4D31A3C666100E9EAB2 /* AppDelegate.swift */; };
		11A4C4D91A3C666100E9EAB2 /* Main.storyboard in Resources */ = {isa = PBXBuildFile; fileRef = 11A4C4D71A3C666100E9EAB2 /* Main.storyboard */; };
		11A4C4DB1A3C666100E9EAB2 /* Images.xcassets in Resources */ = {isa = PBXBuildFile; fileRef = 11A4C4DA1A3C666100E9EAB2 /* Images.xcassets */; };
		11A4C4DE1A3C666100E9EAB2 /* LaunchScreen.xib in Resources */ = {isa = PBXBuildFile; fileRef = 11A4C4DC1A3C666100E9EAB2 /* LaunchScreen.xib */; };
		11A4C4F61A3C6C0E00E9EAB2 /* LFMAPIClient.swift in Sources */ = {isa = PBXBuildFile; fileRef = 11A4C4F51A3C6C0E00E9EAB2 /* LFMAPIClient.swift */; };
		11A4C50E1A3C7F5B00E9EAB2 /* LFMAPIClient_Tests.swift in Sources */ = {isa = PBXBuildFile; fileRef = 11A4C50D1A3C7F5B00E9EAB2 /* LFMAPIClient_Tests.swift */; };
		11A4C50F1A3C7F6600E9EAB2 /* LFMAPIClient.swift in Sources */ = {isa = PBXBuildFile; fileRef = 11A4C4F51A3C6C0E00E9EAB2 /* LFMAPIClient.swift */; };
		11A4C5121A3C80EA00E9EAB2 /* NSURL+urlBuilder.swift in Sources */ = {isa = PBXBuildFile; fileRef = 11A4C5111A3C80EA00E9EAB2 /* NSURL+urlBuilder.swift */; };
		11C26AF21A3F68B30059A049 /* Artist.swift in Sources */ = {isa = PBXBuildFile; fileRef = 11C26AF11A3F68B30059A049 /* Artist.swift */; };
		11C26AF31A3F68DC0059A049 /* Artist.swift in Sources */ = {isa = PBXBuildFile; fileRef = 11C26AF11A3F68B30059A049 /* Artist.swift */; };
		11C26AF61A4079CE0059A049 /* Artist_Tests.swift in Sources */ = {isa = PBXBuildFile; fileRef = 11C26AF51A4079CE0059A049 /* Artist_Tests.swift */; };
		11C26AF91A4080E20059A049 /* SearchTableViewController.swift in Sources */ = {isa = PBXBuildFile; fileRef = 11C26AF81A4080E20059A049 /* SearchTableViewController.swift */; };
		11C26D7F1A4098090059A049 /* CoreGraphics.framework in Frameworks */ = {isa = PBXBuildFile; fileRef = 11C26D7E1A4098090059A049 /* CoreGraphics.framework */; };
		11C26D951A40998B0059A049 /* UITests.swift in Sources */ = {isa = PBXBuildFile; fileRef = 11C26D941A40998B0059A049 /* UITests.swift */; };
		11E3AE141A41B30A00D339F7 /* libKIF.a in Frameworks */ = {isa = PBXBuildFile; fileRef = 11E3AE0B1A41B2EC00D339F7 /* libKIF.a */; };
		11E3AE181A41C13200D339F7 /* artist.getinfo-Cher.json in Resources */ = {isa = PBXBuildFile; fileRef = 11E3AE171A41C13200D339F7 /* artist.getinfo-Cher.json */; };
		11E3AE191A41C13200D339F7 /* artist.getinfo-Cher.json in Resources */ = {isa = PBXBuildFile; fileRef = 11E3AE171A41C13200D339F7 /* artist.getinfo-Cher.json */; };
		11E3AE1B1A41C3F800D339F7 /* Tag.swift in Sources */ = {isa = PBXBuildFile; fileRef = 11E3AE1A1A41C3F800D339F7 /* Tag.swift */; };
		11E3AE1C1A41C3F800D339F7 /* Tag.swift in Sources */ = {isa = PBXBuildFile; fileRef = 11E3AE1A1A41C3F800D339F7 /* Tag.swift */; };
		11E3AE1E1A41C42400D339F7 /* ArtistBio.swift in Sources */ = {isa = PBXBuildFile; fileRef = 11E3AE1D1A41C42400D339F7 /* ArtistBio.swift */; };
		11E3AE1F1A41C42400D339F7 /* ArtistBio.swift in Sources */ = {isa = PBXBuildFile; fileRef = 11E3AE1D1A41C42400D339F7 /* ArtistBio.swift */; };
		11E3AE211A41CD9A00D339F7 /* Tag_Tests.swift in Sources */ = {isa = PBXBuildFile; fileRef = 11E3AE201A41CD9A00D339F7 /* Tag_Tests.swift */; };
		11E3AE231A41D70500D339F7 /* ArtistBio_Tests.swift in Sources */ = {isa = PBXBuildFile; fileRef = 11E3AE221A41D70500D339F7 /* ArtistBio_Tests.swift */; };
		11E3AE251A41DE8E00D339F7 /* NSDate+apiDate.swift in Sources */ = {isa = PBXBuildFile; fileRef = 11E3AE241A41DE8E00D339F7 /* NSDate+apiDate.swift */; };
		11E3AE261A41DE8E00D339F7 /* NSDate+apiDate.swift in Sources */ = {isa = PBXBuildFile; fileRef = 11E3AE241A41DE8E00D339F7 /* NSDate+apiDate.swift */; };
		11E3AE281A41E05700D339F7 /* NSDate+apiDate_Tests.swift in Sources */ = {isa = PBXBuildFile; fileRef = 11E3AE271A41E05700D339F7 /* NSDate+apiDate_Tests.swift */; };
		11F79D971A42015500ACE33B /* Cache.swift in Sources */ = {isa = PBXBuildFile; fileRef = 11F79D561A42015500ACE33B /* Cache.swift */; };
		11F79D981A42015500ACE33B /* CGSize+Swift.swift in Sources */ = {isa = PBXBuildFile; fileRef = 11F79D571A42015500ACE33B /* CGSize+Swift.swift */; };
		11F79D991A42015500ACE33B /* CryptoSwiftMD5.swift in Sources */ = {isa = PBXBuildFile; fileRef = 11F79D581A42015500ACE33B /* CryptoSwiftMD5.swift */; };
		11F79D9A1A42015500ACE33B /* Data.swift in Sources */ = {isa = PBXBuildFile; fileRef = 11F79D591A42015500ACE33B /* Data.swift */; };
		11F79D9B1A42015500ACE33B /* DiskCache.swift in Sources */ = {isa = PBXBuildFile; fileRef = 11F79D5A1A42015500ACE33B /* DiskCache.swift */; };
		11F79D9C1A42015500ACE33B /* DiskFetcher.swift in Sources */ = {isa = PBXBuildFile; fileRef = 11F79D5B1A42015500ACE33B /* DiskFetcher.swift */; };
		11F79D9D1A42015500ACE33B /* Fetch.swift in Sources */ = {isa = PBXBuildFile; fileRef = 11F79D5C1A42015500ACE33B /* Fetch.swift */; };
		11F79D9E1A42015500ACE33B /* Fetcher.swift in Sources */ = {isa = PBXBuildFile; fileRef = 11F79D5D1A42015500ACE33B /* Fetcher.swift */; };
		11F79D9F1A42015500ACE33B /* Format.swift in Sources */ = {isa = PBXBuildFile; fileRef = 11F79D5E1A42015500ACE33B /* Format.swift */; };
		11F79DA01A42015500ACE33B /* Haneke.swift in Sources */ = {isa = PBXBuildFile; fileRef = 11F79D601A42015500ACE33B /* Haneke.swift */; };
		11F79DA21A42015500ACE33B /* NetworkFetcher.swift in Sources */ = {isa = PBXBuildFile; fileRef = 11F79D621A42015500ACE33B /* NetworkFetcher.swift */; };
		11F79DA31A42015500ACE33B /* NSFileManager+Haneke.swift in Sources */ = {isa = PBXBuildFile; fileRef = 11F79D631A42015500ACE33B /* NSFileManager+Haneke.swift */; };
		11F79DA41A42015500ACE33B /* NSHTTPURLResponse+Haneke.swift in Sources */ = {isa = PBXBuildFile; fileRef = 11F79D641A42015500ACE33B /* NSHTTPURLResponse+Haneke.swift */; };
		11F79DA51A42015500ACE33B /* String+Haneke.swift in Sources */ = {isa = PBXBuildFile; fileRef = 11F79D651A42015500ACE33B /* String+Haneke.swift */; };
		11F79DA61A42015500ACE33B /* UIButton+Haneke.swift in Sources */ = {isa = PBXBuildFile; fileRef = 11F79D661A42015500ACE33B /* UIButton+Haneke.swift */; };
		11F79DA71A42015500ACE33B /* UIImage+Haneke.swift in Sources */ = {isa = PBXBuildFile; fileRef = 11F79D671A42015500ACE33B /* UIImage+Haneke.swift */; };
		11F79DA81A42015500ACE33B /* UIImageView+Haneke.swift in Sources */ = {isa = PBXBuildFile; fileRef = 11F79D681A42015500ACE33B /* UIImageView+Haneke.swift */; };
		11F79DA91A42015500ACE33B /* UIView+Haneke.swift in Sources */ = {isa = PBXBuildFile; fileRef = 11F79D691A42015500ACE33B /* UIView+Haneke.swift */; };
		11F79DD91A4207C100ACE33B /* ArtistTableViewCell.swift in Sources */ = {isa = PBXBuildFile; fileRef = 11F79DD81A4207C100ACE33B /* ArtistTableViewCell.swift */; };
		11F79DE51A42E25600ACE33B /* ArtistHeaderTableViewCell.swift in Sources */ = {isa = PBXBuildFile; fileRef = 11F79DE41A42E25600ACE33B /* ArtistHeaderTableViewCell.swift */; };
		11F79DEC1A42E25E00ACE33B /* ArtistTableViewController.swift in Sources */ = {isa = PBXBuildFile; fileRef = 11F79DEB1A42E25E00ACE33B /* ArtistTableViewController.swift */; };
		11F79E211A42EAAE00ACE33B /* ArtistBioTableViewCell.swift in Sources */ = {isa = PBXBuildFile; fileRef = 11F79E201A42EAAE00ACE33B /* ArtistBioTableViewCell.swift */; };
/* End PBXBuildFile section */

/* Begin PBXContainerItemProxy section */
		11A4C5061A3C7F4200E9EAB2 /* PBXContainerItemProxy */ = {
			isa = PBXContainerItemProxy;
			containerPortal = 11A4C4C61A3C666100E9EAB2 /* Project object */;
			proxyType = 1;
			remoteGlobalIDString = 11A4C4CD1A3C666100E9EAB2;
			remoteInfo = LastFMTest;
		};
		11C26D791A4097D50059A049 /* PBXContainerItemProxy */ = {
			isa = PBXContainerItemProxy;
			containerPortal = 11A4C4C61A3C666100E9EAB2 /* Project object */;
			proxyType = 1;
			remoteGlobalIDString = 11A4C4CD1A3C666100E9EAB2;
			remoteInfo = LastFMTest;
		};
		11E3AE0A1A41B2EC00D339F7 /* PBXContainerItemProxy */ = {
			isa = PBXContainerItemProxy;
			containerPortal = 11E3AE011A41B2EC00D339F7 /* KIF.xcodeproj */;
			proxyType = 2;
			remoteGlobalIDString = EABD46AA1857A0C700A5F081;
			remoteInfo = KIF;
		};
		11E3AE0C1A41B2EC00D339F7 /* PBXContainerItemProxy */ = {
			isa = PBXContainerItemProxy;
			containerPortal = 11E3AE011A41B2EC00D339F7 /* KIF.xcodeproj */;
			proxyType = 2;
			remoteGlobalIDString = EB72047C1680DDAD00278DA2;
			remoteInfo = "KIF-OCUnit";
		};
		11E3AE0E1A41B2EC00D339F7 /* PBXContainerItemProxy */ = {
			isa = PBXContainerItemProxy;
			containerPortal = 11E3AE011A41B2EC00D339F7 /* KIF.xcodeproj */;
			proxyType = 2;
			remoteGlobalIDString = EB60ECC1177F8C83005A041A;
			remoteInfo = "Test Host";
		};
		11E3AE101A41B2EC00D339F7 /* PBXContainerItemProxy */ = {
			isa = PBXContainerItemProxy;
			containerPortal = 11E3AE011A41B2EC00D339F7 /* KIF.xcodeproj */;
			proxyType = 2;
			remoteGlobalIDString = EABD46CD1857A0F300A5F081;
			remoteInfo = "KIF Tests";
		};
		11E3AE121A41B2EC00D339F7 /* PBXContainerItemProxy */ = {
			isa = PBXContainerItemProxy;
			containerPortal = 11E3AE011A41B2EC00D339F7 /* KIF.xcodeproj */;
			proxyType = 2;
			remoteGlobalIDString = EB60ECEB177F8DB3005A041A;
			remoteInfo = "KIF Tests-OCUnit";
		};
		11E3AE151A41B31200D339F7 /* PBXContainerItemProxy */ = {
			isa = PBXContainerItemProxy;
			containerPortal = 11E3AE011A41B2EC00D339F7 /* KIF.xcodeproj */;
			proxyType = 1;
			remoteGlobalIDString = EABD46791857A0C700A5F081;
			remoteInfo = KIF;
		};
/* End PBXContainerItemProxy section */

/* Begin PBXFileReference section */
		112AB0AE1A3C8A9E00F0C362 /* NSURL+urlBuilder_Tests.swift */ = {isa = PBXFileReference; fileEncoding = 4; lastKnownFileType = sourcecode.swift; path = "NSURL+urlBuilder_Tests.swift"; sourceTree = "<group>"; };
		112AB0C91A3EFB3D00F0C362 /* artist.search-SalutCestCool.json */ = {isa = PBXFileReference; fileEncoding = 4; lastKnownFileType = text.json; path = "artist.search-SalutCestCool.json"; sourceTree = "<group>"; };
		112AB0D01A3F01EC00F0C362 /* artist.search-Salut-page1.json */ = {isa = PBXFileReference; fileEncoding = 4; lastKnownFileType = text.json; path = "artist.search-Salut-page1.json"; sourceTree = "<group>"; };
		112AB0D11A3F01EC00F0C362 /* artist.search-Salut-page2.json */ = {isa = PBXFileReference; fileEncoding = 4; lastKnownFileType = text.json; path = "artist.search-Salut-page2.json"; sourceTree = "<group>"; };
		112AB0D21A3F01EC00F0C362 /* artist.search-Salut-page3.json */ = {isa = PBXFileReference; fileEncoding = 4; lastKnownFileType = text.json; path = "artist.search-Salut-page3.json"; sourceTree = "<group>"; };
		112AB0D31A3F01EC00F0C362 /* artist.search-Salut-page4.json */ = {isa = PBXFileReference; fileEncoding = 4; lastKnownFileType = text.json; path = "artist.search-Salut-page4.json"; sourceTree = "<group>"; };
		112AB0D81A3F029E00F0C362 /* artist.search-Salut-page5.json */ = {isa = PBXFileReference; fileEncoding = 4; lastKnownFileType = text.json; path = "artist.search-Salut-page5.json"; sourceTree = "<group>"; };
		112AB0DF1A3F032600F0C362 /* artist.getinfo-70c0cd8b-a942-4b8f-b421-b2b5218e23b6.json */ = {isa = PBXFileReference; fileEncoding = 4; lastKnownFileType = text.json; path = "artist.getinfo-70c0cd8b-a942-4b8f-b421-b2b5218e23b6.json"; sourceTree = "<group>"; };
		11A4C4CE1A3C666100E9EAB2 /* LastFMTest.app */ = {isa = PBXFileReference; explicitFileType = wrapper.application; includeInIndex = 0; path = LastFMTest.app; sourceTree = BUILT_PRODUCTS_DIR; };
		11A4C4D21A3C666100E9EAB2 /* Info.plist */ = {isa = PBXFileReference; lastKnownFileType = text.plist.xml; path = Info.plist; sourceTree = "<group>"; };
		11A4C4D31A3C666100E9EAB2 /* AppDelegate.swift */ = {isa = PBXFileReference; lastKnownFileType = sourcecode.swift; path = AppDelegate.swift; sourceTree = "<group>"; };
		11A4C4D81A3C666100E9EAB2 /* Base */ = {isa = PBXFileReference; lastKnownFileType = file.storyboard; name = Base; path = Base.lproj/Main.storyboard; sourceTree = "<group>"; };
		11A4C4DA1A3C666100E9EAB2 /* Images.xcassets */ = {isa = PBXFileReference; lastKnownFileType = folder.assetcatalog; path = Images.xcassets; sourceTree = "<group>"; };
		11A4C4DD1A3C666100E9EAB2 /* Base */ = {isa = PBXFileReference; lastKnownFileType = file.xib; name = Base; path = Base.lproj/LaunchScreen.xib; sourceTree = "<group>"; };
		11A4C4F51A3C6C0E00E9EAB2 /* LFMAPIClient.swift */ = {isa = PBXFileReference; fileEncoding = 4; lastKnownFileType = sourcecode.swift; path = LFMAPIClient.swift; sourceTree = "<group>"; };
		11A4C5001A3C7F4200E9EAB2 /* Tests.xctest */ = {isa = PBXFileReference; explicitFileType = wrapper.cfbundle; includeInIndex = 0; path = Tests.xctest; sourceTree = BUILT_PRODUCTS_DIR; };
		11A4C5031A3C7F4200E9EAB2 /* Info.plist */ = {isa = PBXFileReference; lastKnownFileType = text.plist.xml; path = Info.plist; sourceTree = "<group>"; };
		11A4C50D1A3C7F5B00E9EAB2 /* LFMAPIClient_Tests.swift */ = {isa = PBXFileReference; fileEncoding = 4; lastKnownFileType = sourcecode.swift; path = LFMAPIClient_Tests.swift; sourceTree = "<group>"; };
		11A4C5111A3C80EA00E9EAB2 /* NSURL+urlBuilder.swift */ = {isa = PBXFileReference; fileEncoding = 4; lastKnownFileType = sourcecode.swift; path = "NSURL+urlBuilder.swift"; sourceTree = "<group>"; };
		11C26AF11A3F68B30059A049 /* Artist.swift */ = {isa = PBXFileReference; fileEncoding = 4; lastKnownFileType = sourcecode.swift; path = Artist.swift; sourceTree = "<group>"; };
		11C26AF51A4079CE0059A049 /* Artist_Tests.swift */ = {isa = PBXFileReference; fileEncoding = 4; lastKnownFileType = sourcecode.swift; path = Artist_Tests.swift; sourceTree = "<group>"; };
		11C26AF81A4080E20059A049 /* SearchTableViewController.swift */ = {isa = PBXFileReference; fileEncoding = 4; lastKnownFileType = sourcecode.swift; path = SearchTableViewController.swift; sourceTree = "<group>"; };
		11C26D731A4097D50059A049 /* UITests.xctest */ = {isa = PBXFileReference; explicitFileType = wrapper.cfbundle; includeInIndex = 0; path = UITests.xctest; sourceTree = BUILT_PRODUCTS_DIR; };
		11C26D761A4097D50059A049 /* Info.plist */ = {isa = PBXFileReference; lastKnownFileType = text.plist.xml; path = Info.plist; sourceTree = "<group>"; };
		11C26D7E1A4098090059A049 /* CoreGraphics.framework */ = {isa = PBXFileReference; lastKnownFileType = wrapper.framework; name = CoreGraphics.framework; path = System/Library/Frameworks/CoreGraphics.framework; sourceTree = SDKROOT; };
		11C26D941A40998B0059A049 /* UITests.swift */ = {isa = PBXFileReference; fileEncoding = 4; lastKnownFileType = sourcecode.swift; path = UITests.swift; sourceTree = "<group>"; };
		11C26D961A4099BA0059A049 /* BridgingHeader.h */ = {isa = PBXFileReference; lastKnownFileType = sourcecode.c.h; path = BridgingHeader.h; sourceTree = "<group>"; };
		11E3AE011A41B2EC00D339F7 /* KIF.xcodeproj */ = {isa = PBXFileReference; lastKnownFileType = "wrapper.pb-project"; name = KIF.xcodeproj; path = KIF/KIF.xcodeproj; sourceTree = "<group>"; };
		11E3AE171A41C13200D339F7 /* artist.getinfo-Cher.json */ = {isa = PBXFileReference; fileEncoding = 4; lastKnownFileType = text.json; path = "artist.getinfo-Cher.json"; sourceTree = "<group>"; };
		11E3AE1A1A41C3F800D339F7 /* Tag.swift */ = {isa = PBXFileReference; fileEncoding = 4; lastKnownFileType = sourcecode.swift; path = Tag.swift; sourceTree = "<group>"; };
		11E3AE1D1A41C42400D339F7 /* ArtistBio.swift */ = {isa = PBXFileReference; fileEncoding = 4; lastKnownFileType = sourcecode.swift; path = ArtistBio.swift; sourceTree = "<group>"; };
		11E3AE201A41CD9A00D339F7 /* Tag_Tests.swift */ = {isa = PBXFileReference; fileEncoding = 4; lastKnownFileType = sourcecode.swift; path = Tag_Tests.swift; sourceTree = "<group>"; };
		11E3AE221A41D70500D339F7 /* ArtistBio_Tests.swift */ = {isa = PBXFileReference; fileEncoding = 4; lastKnownFileType = sourcecode.swift; path = ArtistBio_Tests.swift; sourceTree = "<group>"; };
		11E3AE241A41DE8E00D339F7 /* NSDate+apiDate.swift */ = {isa = PBXFileReference; fileEncoding = 4; lastKnownFileType = sourcecode.swift; path = "NSDate+apiDate.swift"; sourceTree = "<group>"; };
		11E3AE271A41E05700D339F7 /* NSDate+apiDate_Tests.swift */ = {isa = PBXFileReference; fileEncoding = 4; lastKnownFileType = sourcecode.swift; path = "NSDate+apiDate_Tests.swift"; sourceTree = "<group>"; };
		11F79D561A42015500ACE33B /* Cache.swift */ = {isa = PBXFileReference; fileEncoding = 4; lastKnownFileType = sourcecode.swift; path = Cache.swift; sourceTree = "<group>"; };
		11F79D571A42015500ACE33B /* CGSize+Swift.swift */ = {isa = PBXFileReference; fileEncoding = 4; lastKnownFileType = sourcecode.swift; path = "CGSize+Swift.swift"; sourceTree = "<group>"; };
		11F79D581A42015500ACE33B /* CryptoSwiftMD5.swift */ = {isa = PBXFileReference; fileEncoding = 4; lastKnownFileType = sourcecode.swift; path = CryptoSwiftMD5.swift; sourceTree = "<group>"; };
		11F79D591A42015500ACE33B /* Data.swift */ = {isa = PBXFileReference; fileEncoding = 4; lastKnownFileType = sourcecode.swift; path = Data.swift; sourceTree = "<group>"; };
		11F79D5A1A42015500ACE33B /* DiskCache.swift */ = {isa = PBXFileReference; fileEncoding = 4; lastKnownFileType = sourcecode.swift; path = DiskCache.swift; sourceTree = "<group>"; };
		11F79D5B1A42015500ACE33B /* DiskFetcher.swift */ = {isa = PBXFileReference; fileEncoding = 4; lastKnownFileType = sourcecode.swift; path = DiskFetcher.swift; sourceTree = "<group>"; };
		11F79D5C1A42015500ACE33B /* Fetch.swift */ = {isa = PBXFileReference; fileEncoding = 4; lastKnownFileType = sourcecode.swift; path = Fetch.swift; sourceTree = "<group>"; };
		11F79D5D1A42015500ACE33B /* Fetcher.swift */ = {isa = PBXFileReference; fileEncoding = 4; lastKnownFileType = sourcecode.swift; path = Fetcher.swift; sourceTree = "<group>"; };
		11F79D5E1A42015500ACE33B /* Format.swift */ = {isa = PBXFileReference; fileEncoding = 4; lastKnownFileType = sourcecode.swift; path = Format.swift; sourceTree = "<group>"; };
		11F79D5F1A42015500ACE33B /* Haneke.h */ = {isa = PBXFileReference; fileEncoding = 4; lastKnownFileType = sourcecode.c.h; path = Haneke.h; sourceTree = "<group>"; };
		11F79D601A42015500ACE33B /* Haneke.swift */ = {isa = PBXFileReference; fileEncoding = 4; lastKnownFileType = sourcecode.swift; path = Haneke.swift; sourceTree = "<group>"; };
		11F79D621A42015500ACE33B /* NetworkFetcher.swift */ = {isa = PBXFileReference; fileEncoding = 4; lastKnownFileType = sourcecode.swift; path = NetworkFetcher.swift; sourceTree = "<group>"; };
		11F79D631A42015500ACE33B /* NSFileManager+Haneke.swift */ = {isa = PBXFileReference; fileEncoding = 4; lastKnownFileType = sourcecode.swift; path = "NSFileManager+Haneke.swift"; sourceTree = "<group>"; };
		11F79D641A42015500ACE33B /* NSHTTPURLResponse+Haneke.swift */ = {isa = PBXFileReference; fileEncoding = 4; lastKnownFileType = sourcecode.swift; path = "NSHTTPURLResponse+Haneke.swift"; sourceTree = "<group>"; };
		11F79D651A42015500ACE33B /* String+Haneke.swift */ = {isa = PBXFileReference; fileEncoding = 4; lastKnownFileType = sourcecode.swift; path = "String+Haneke.swift"; sourceTree = "<group>"; };
		11F79D661A42015500ACE33B /* UIButton+Haneke.swift */ = {isa = PBXFileReference; fileEncoding = 4; lastKnownFileType = sourcecode.swift; path = "UIButton+Haneke.swift"; sourceTree = "<group>"; };
		11F79D671A42015500ACE33B /* UIImage+Haneke.swift */ = {isa = PBXFileReference; fileEncoding = 4; lastKnownFileType = sourcecode.swift; path = "UIImage+Haneke.swift"; sourceTree = "<group>"; };
		11F79D681A42015500ACE33B /* UIImageView+Haneke.swift */ = {isa = PBXFileReference; fileEncoding = 4; lastKnownFileType = sourcecode.swift; path = "UIImageView+Haneke.swift"; sourceTree = "<group>"; };
		11F79D691A42015500ACE33B /* UIView+Haneke.swift */ = {isa = PBXFileReference; fileEncoding = 4; lastKnownFileType = sourcecode.swift; path = "UIView+Haneke.swift"; sourceTree = "<group>"; };
		11F79DD81A4207C100ACE33B /* ArtistTableViewCell.swift */ = {isa = PBXFileReference; fileEncoding = 4; lastKnownFileType = sourcecode.swift; path = ArtistTableViewCell.swift; sourceTree = "<group>"; };
		11F79DE41A42E25600ACE33B /* ArtistHeaderTableViewCell.swift */ = {isa = PBXFileReference; fileEncoding = 4; lastKnownFileType = sourcecode.swift; path = ArtistHeaderTableViewCell.swift; sourceTree = "<group>"; };
		11F79DEB1A42E25E00ACE33B /* ArtistTableViewController.swift */ = {isa = PBXFileReference; fileEncoding = 4; lastKnownFileType = sourcecode.swift; path = ArtistTableViewController.swift; sourceTree = "<group>"; };
		11F79E201A42EAAE00ACE33B /* ArtistBioTableViewCell.swift */ = {isa = PBXFileReference; fileEncoding = 4; lastKnownFileType = sourcecode.swift; path = ArtistBioTableViewCell.swift; sourceTree = "<group>"; };
/* End PBXFileReference section */

/* Begin PBXFrameworksBuildPhase section */
		11A4C4CB1A3C666100E9EAB2 /* Frameworks */ = {
			isa = PBXFrameworksBuildPhase;
			buildActionMask = 2147483647;
			files = (
			);
			runOnlyForDeploymentPostprocessing = 0;
		};
		11A4C4FD1A3C7F4200E9EAB2 /* Frameworks */ = {
			isa = PBXFrameworksBuildPhase;
			buildActionMask = 2147483647;
			files = (
			);
			runOnlyForDeploymentPostprocessing = 0;
		};
		11C26D701A4097D50059A049 /* Frameworks */ = {
			isa = PBXFrameworksBuildPhase;
			buildActionMask = 2147483647;
			files = (
				11E3AE141A41B30A00D339F7 /* libKIF.a in Frameworks */,
				11C26D7F1A4098090059A049 /* CoreGraphics.framework in Frameworks */,
			);
			runOnlyForDeploymentPostprocessing = 0;
		};
/* End PBXFrameworksBuildPhase section */

/* Begin PBXGroup section */
		112AB0AD1A3C8A8300F0C362 /* Utils */ = {
			isa = PBXGroup;
			children = (
				112AB0AE1A3C8A9E00F0C362 /* NSURL+urlBuilder_Tests.swift */,
				11E3AE271A41E05700D339F7 /* NSDate+apiDate_Tests.swift */,
			);
			path = Utils;
			sourceTree = "<group>";
		};
		112AB0C81A3EFB3D00F0C362 /* Mocks */ = {
			isa = PBXGroup;
			children = (
				112AB0C91A3EFB3D00F0C362 /* artist.search-SalutCestCool.json */,
				112AB0D01A3F01EC00F0C362 /* artist.search-Salut-page1.json */,
				112AB0D11A3F01EC00F0C362 /* artist.search-Salut-page2.json */,
				112AB0D21A3F01EC00F0C362 /* artist.search-Salut-page3.json */,
				112AB0D31A3F01EC00F0C362 /* artist.search-Salut-page4.json */,
				112AB0D81A3F029E00F0C362 /* artist.search-Salut-page5.json */,
				112AB0DF1A3F032600F0C362 /* artist.getinfo-70c0cd8b-a942-4b8f-b421-b2b5218e23b6.json */,
				11E3AE171A41C13200D339F7 /* artist.getinfo-Cher.json */,
			);
			path = Mocks;
			sourceTree = "<group>";
		};
		11A4C4C51A3C666000E9EAB2 = {
			isa = PBXGroup;
			children = (
				11F79D4F1A42015500ACE33B /* Externals */,
				11A4C4D01A3C666100E9EAB2 /* LastFMTest */,
				11A4C5011A3C7F4200E9EAB2 /* Tests */,
				11C26D741A4097D50059A049 /* UITests */,
				11A4C4CF1A3C666100E9EAB2 /* Products */,
			);
			sourceTree = "<group>";
		};
		11A4C4CF1A3C666100E9EAB2 /* Products */ = {
			isa = PBXGroup;
			children = (
				11A4C4CE1A3C666100E9EAB2 /* LastFMTest.app */,
				11A4C5001A3C7F4200E9EAB2 /* Tests.xctest */,
				11C26D731A4097D50059A049 /* UITests.xctest */,
			);
			name = Products;
			sourceTree = "<group>";
		};
		11A4C4D01A3C666100E9EAB2 /* LastFMTest */ = {
			isa = PBXGroup;
			children = (
				112AB0C81A3EFB3D00F0C362 /* Mocks */,
				11A4C4F31A3C683200E9EAB2 /* Classes */,
				11A4C4D31A3C666100E9EAB2 /* AppDelegate.swift */,
				11A4C4D71A3C666100E9EAB2 /* Main.storyboard */,
				11A4C4DA1A3C666100E9EAB2 /* Images.xcassets */,
				11A4C4DC1A3C666100E9EAB2 /* LaunchScreen.xib */,
				11A4C4D11A3C666100E9EAB2 /* Supporting Files */,
			);
			path = LastFMTest;
			sourceTree = "<group>";
		};
		11A4C4D11A3C666100E9EAB2 /* Supporting Files */ = {
			isa = PBXGroup;
			children = (
				11A4C4D21A3C666100E9EAB2 /* Info.plist */,
			);
			name = "Supporting Files";
			sourceTree = "<group>";
		};
		11A4C4F31A3C683200E9EAB2 /* Classes */ = {
			isa = PBXGroup;
			children = (
				11F79DD71A42079000ACE33B /* Views */,
				11C26AF71A4080BA0059A049 /* Controllers */,
				11C26AEF1A3F67740059A049 /* Models */,
				11A4C5101A3C80B600E9EAB2 /* Utils */,
				11A4C4F41A3C684400E9EAB2 /* APIClients */,
			);
			path = Classes;
			sourceTree = "<group>";
		};
		11A4C4F41A3C684400E9EAB2 /* APIClients */ = {
			isa = PBXGroup;
			children = (
				11A4C4F51A3C6C0E00E9EAB2 /* LFMAPIClient.swift */,
			);
			path = APIClients;
			sourceTree = "<group>";
		};
		11A4C5011A3C7F4200E9EAB2 /* Tests */ = {
			isa = PBXGroup;
			children = (
				11A4C50B1A3C7F5B00E9EAB2 /* Classes */,
				11A4C5021A3C7F4200E9EAB2 /* Supporting Files */,
			);
			path = Tests;
			sourceTree = "<group>";
		};
		11A4C5021A3C7F4200E9EAB2 /* Supporting Files */ = {
			isa = PBXGroup;
			children = (
				11A4C5031A3C7F4200E9EAB2 /* Info.plist */,
			);
			name = "Supporting Files";
			sourceTree = "<group>";
		};
		11A4C50B1A3C7F5B00E9EAB2 /* Classes */ = {
			isa = PBXGroup;
			children = (
				11C26AF41A4079B30059A049 /* Models */,
				112AB0AD1A3C8A8300F0C362 /* Utils */,
				11A4C50C1A3C7F5B00E9EAB2 /* APIClients */,
			);
			path = Classes;
			sourceTree = "<group>";
		};
		11A4C50C1A3C7F5B00E9EAB2 /* APIClients */ = {
			isa = PBXGroup;
			children = (
				11A4C50D1A3C7F5B00E9EAB2 /* LFMAPIClient_Tests.swift */,
			);
			path = APIClients;
			sourceTree = "<group>";
		};
		11A4C5101A3C80B600E9EAB2 /* Utils */ = {
			isa = PBXGroup;
			children = (
				11A4C5111A3C80EA00E9EAB2 /* NSURL+urlBuilder.swift */,
				11E3AE241A41DE8E00D339F7 /* NSDate+apiDate.swift */,
			);
			path = Utils;
			sourceTree = "<group>";
		};
		11C26AEF1A3F67740059A049 /* Models */ = {
			isa = PBXGroup;
			children = (
				11C26AF11A3F68B30059A049 /* Artist.swift */,
				11E3AE1A1A41C3F800D339F7 /* Tag.swift */,
				11E3AE1D1A41C42400D339F7 /* ArtistBio.swift */,
			);
			path = Models;
			sourceTree = "<group>";
		};
		11C26AF41A4079B30059A049 /* Models */ = {
			isa = PBXGroup;
			children = (
				11C26AF51A4079CE0059A049 /* Artist_Tests.swift */,
				11E3AE201A41CD9A00D339F7 /* Tag_Tests.swift */,
				11E3AE221A41D70500D339F7 /* ArtistBio_Tests.swift */,
			);
			path = Models;
			sourceTree = "<group>";
		};
		11C26AF71A4080BA0059A049 /* Controllers */ = {
			isa = PBXGroup;
			children = (
				11C26AF81A4080E20059A049 /* SearchTableViewController.swift */,
				11F79DEB1A42E25E00ACE33B /* ArtistTableViewController.swift */,
			);
			path = Controllers;
			sourceTree = "<group>";
		};
		11C26D741A4097D50059A049 /* UITests */ = {
			isa = PBXGroup;
			children = (
				11E3AE011A41B2EC00D339F7 /* KIF.xcodeproj */,
				11C26D7E1A4098090059A049 /* CoreGraphics.framework */,
				11C26D751A4097D50059A049 /* Supporting Files */,
				11C26D941A40998B0059A049 /* UITests.swift */,
				11C26D961A4099BA0059A049 /* BridgingHeader.h */,
			);
			path = UITests;
			sourceTree = "<group>";
		};
		11C26D751A4097D50059A049 /* Supporting Files */ = {
			isa = PBXGroup;
			children = (
				11C26D761A4097D50059A049 /* Info.plist */,
			);
			name = "Supporting Files";
			sourceTree = "<group>";
		};
		11E3AE021A41B2EC00D339F7 /* Products */ = {
			isa = PBXGroup;
			children = (
				11E3AE0B1A41B2EC00D339F7 /* libKIF.a */,
				11E3AE0D1A41B2EC00D339F7 /* libKIF-OCUnit.a */,
				11E3AE0F1A41B2EC00D339F7 /* Test Host.app */,
				11E3AE111A41B2EC00D339F7 /* KIF Tests - XCTest.xctest */,
				11E3AE131A41B2EC00D339F7 /* KIF Tests-OCUnit.octest */,
			);
			name = Products;
			sourceTree = "<group>";
		};
		11F79D4F1A42015500ACE33B /* Externals */ = {
			isa = PBXGroup;
			children = (
				11F79D501A42015500ACE33B /* Haneke */,
			);
			path = Externals;
			sourceTree = "<group>";
		};
		11F79D501A42015500ACE33B /* Haneke */ = {
			isa = PBXGroup;
			children = (
				11F79D551A42015500ACE33B /* Haneke */,
			);
			path = Haneke;
			sourceTree = "<group>";
		};
		11F79D551A42015500ACE33B /* Haneke */ = {
			isa = PBXGroup;
			children = (
				11F79D561A42015500ACE33B /* Cache.swift */,
				11F79D571A42015500ACE33B /* CGSize+Swift.swift */,
				11F79D581A42015500ACE33B /* CryptoSwiftMD5.swift */,
				11F79D591A42015500ACE33B /* Data.swift */,
				11F79D5A1A42015500ACE33B /* DiskCache.swift */,
				11F79D5B1A42015500ACE33B /* DiskFetcher.swift */,
				11F79D5C1A42015500ACE33B /* Fetch.swift */,
				11F79D5D1A42015500ACE33B /* Fetcher.swift */,
				11F79D5E1A42015500ACE33B /* Format.swift */,
				11F79D5F1A42015500ACE33B /* Haneke.h */,
				11F79D601A42015500ACE33B /* Haneke.swift */,
				11F79D621A42015500ACE33B /* NetworkFetcher.swift */,
				11F79D631A42015500ACE33B /* NSFileManager+Haneke.swift */,
				11F79D641A42015500ACE33B /* NSHTTPURLResponse+Haneke.swift */,
				11F79D651A42015500ACE33B /* String+Haneke.swift */,
				11F79D661A42015500ACE33B /* UIButton+Haneke.swift */,
				11F79D671A42015500ACE33B /* UIImage+Haneke.swift */,
				11F79D681A42015500ACE33B /* UIImageView+Haneke.swift */,
				11F79D691A42015500ACE33B /* UIView+Haneke.swift */,
			);
			path = Haneke;
			sourceTree = "<group>";
		};
		11F79DD71A42079000ACE33B /* Views */ = {
			isa = PBXGroup;
			children = (
				11F79DD81A4207C100ACE33B /* ArtistTableViewCell.swift */,
				11F79DE41A42E25600ACE33B /* ArtistHeaderTableViewCell.swift */,
				11F79E201A42EAAE00ACE33B /* ArtistBioTableViewCell.swift */,
			);
			path = Views;
			sourceTree = "<group>";
		};
/* End PBXGroup section */

/* Begin PBXNativeTarget section */
		11A4C4CD1A3C666100E9EAB2 /* LastFMTest */ = {
			isa = PBXNativeTarget;
			buildConfigurationList = 11A4C4ED1A3C666100E9EAB2 /* Build configuration list for PBXNativeTarget "LastFMTest" */;
			buildPhases = (
				11A4C4CA1A3C666100E9EAB2 /* Sources */,
				11A4C4CB1A3C666100E9EAB2 /* Frameworks */,
				11A4C4CC1A3C666100E9EAB2 /* Resources */,
			);
			buildRules = (
			);
			dependencies = (
			);
			name = LastFMTest;
			productName = LastFMTest;
			productReference = 11A4C4CE1A3C666100E9EAB2 /* LastFMTest.app */;
			productType = "com.apple.product-type.application";
		};
		11A4C4FF1A3C7F4200E9EAB2 /* Tests */ = {
			isa = PBXNativeTarget;
			buildConfigurationList = 11A4C5081A3C7F4300E9EAB2 /* Build configuration list for PBXNativeTarget "Tests" */;
			buildPhases = (
				11A4C4FC1A3C7F4200E9EAB2 /* Sources */,
				11A4C4FD1A3C7F4200E9EAB2 /* Frameworks */,
				11A4C4FE1A3C7F4200E9EAB2 /* Resources */,
			);
			buildRules = (
			);
			dependencies = (
				11A4C5071A3C7F4200E9EAB2 /* PBXTargetDependency */,
			);
			name = Tests;
			productName = Tests;
			productReference = 11A4C5001A3C7F4200E9EAB2 /* Tests.xctest */;
			productType = "com.apple.product-type.bundle.unit-test";
		};
		11C26D721A4097D50059A049 /* UITests */ = {
			isa = PBXNativeTarget;
			buildConfigurationList = 11C26D7B1A4097D50059A049 /* Build configuration list for PBXNativeTarget "UITests" */;
			buildPhases = (
				11C26D6F1A4097D50059A049 /* Sources */,
				11C26D701A4097D50059A049 /* Frameworks */,
				11C26D711A4097D50059A049 /* Resources */,
			);
			buildRules = (
			);
			dependencies = (
				11E3AE161A41B31200D339F7 /* PBXTargetDependency */,
				11C26D7A1A4097D50059A049 /* PBXTargetDependency */,
			);
			name = UITests;
			productName = UITests;
			productReference = 11C26D731A4097D50059A049 /* UITests.xctest */;
			productType = "com.apple.product-type.bundle.unit-test";
		};
/* End PBXNativeTarget section */

/* Begin PBXProject section */
		11A4C4C61A3C666100E9EAB2 /* Project object */ = {
			isa = PBXProject;
			attributes = {
				LastUpgradeCheck = 0610;
				ORGANIZATIONNAME = "Thibaut LE LEVIER";
				TargetAttributes = {
					11A4C4CD1A3C666100E9EAB2 = {
						CreatedOnToolsVersion = 6.1;
					};
					11A4C4FF1A3C7F4200E9EAB2 = {
						CreatedOnToolsVersion = 6.1;
						TestTargetID = 11A4C4CD1A3C666100E9EAB2;
					};
					11C26D721A4097D50059A049 = {
						CreatedOnToolsVersion = 6.1;
						TestTargetID = 11A4C4CD1A3C666100E9EAB2;
					};
				};
			};
			buildConfigurationList = 11A4C4C91A3C666100E9EAB2 /* Build configuration list for PBXProject "LastFMTest" */;
			compatibilityVersion = "Xcode 3.2";
			developmentRegion = English;
			hasScannedForEncodings = 0;
			knownRegions = (
				en,
				Base,
			);
			mainGroup = 11A4C4C51A3C666000E9EAB2;
			productRefGroup = 11A4C4CF1A3C666100E9EAB2 /* Products */;
			projectDirPath = "";
			projectReferences = (
				{
					ProductGroup = 11E3AE021A41B2EC00D339F7 /* Products */;
					ProjectRef = 11E3AE011A41B2EC00D339F7 /* KIF.xcodeproj */;
				},
			);
			projectRoot = "";
			targets = (
				11A4C4CD1A3C666100E9EAB2 /* LastFMTest */,
				11A4C4FF1A3C7F4200E9EAB2 /* Tests */,
				11C26D721A4097D50059A049 /* UITests */,
			);
		};
/* End PBXProject section */

/* Begin PBXReferenceProxy section */
		11E3AE0B1A41B2EC00D339F7 /* libKIF.a */ = {
			isa = PBXReferenceProxy;
			fileType = archive.ar;
			path = libKIF.a;
			remoteRef = 11E3AE0A1A41B2EC00D339F7 /* PBXContainerItemProxy */;
			sourceTree = BUILT_PRODUCTS_DIR;
		};
		11E3AE0D1A41B2EC00D339F7 /* libKIF-OCUnit.a */ = {
			isa = PBXReferenceProxy;
			fileType = archive.ar;
			path = "libKIF-OCUnit.a";
			remoteRef = 11E3AE0C1A41B2EC00D339F7 /* PBXContainerItemProxy */;
			sourceTree = BUILT_PRODUCTS_DIR;
		};
		11E3AE0F1A41B2EC00D339F7 /* Test Host.app */ = {
			isa = PBXReferenceProxy;
			fileType = wrapper.application;
			path = "Test Host.app";
			remoteRef = 11E3AE0E1A41B2EC00D339F7 /* PBXContainerItemProxy */;
			sourceTree = BUILT_PRODUCTS_DIR;
		};
		11E3AE111A41B2EC00D339F7 /* KIF Tests - XCTest.xctest */ = {
			isa = PBXReferenceProxy;
			fileType = wrapper.cfbundle;
			path = "KIF Tests - XCTest.xctest";
			remoteRef = 11E3AE101A41B2EC00D339F7 /* PBXContainerItemProxy */;
			sourceTree = BUILT_PRODUCTS_DIR;
		};
		11E3AE131A41B2EC00D339F7 /* KIF Tests-OCUnit.octest */ = {
			isa = PBXReferenceProxy;
			fileType = wrapper.cfbundle;
			path = "KIF Tests-OCUnit.octest";
			remoteRef = 11E3AE121A41B2EC00D339F7 /* PBXContainerItemProxy */;
			sourceTree = BUILT_PRODUCTS_DIR;
		};
/* End PBXReferenceProxy section */

/* Begin PBXResourcesBuildPhase section */
		11A4C4CC1A3C666100E9EAB2 /* Resources */ = {
			isa = PBXResourcesBuildPhase;
			buildActionMask = 2147483647;
			files = (
				112AB0D91A3F029E00F0C362 /* artist.search-Salut-page5.json in Resources */,
				11A4C4D91A3C666100E9EAB2 /* Main.storyboard in Resources */,
				112AB0D71A3F01EC00F0C362 /* artist.search-Salut-page4.json in Resources */,
				112AB0D41A3F01EC00F0C362 /* artist.search-Salut-page1.json in Resources */,
				11A4C4DE1A3C666100E9EAB2 /* LaunchScreen.xib in Resources */,
				112AB0D61A3F01EC00F0C362 /* artist.search-Salut-page3.json in Resources */,
				112AB0E01A3F032600F0C362 /* artist.getinfo-70c0cd8b-a942-4b8f-b421-b2b5218e23b6.json in Resources */,
				11E3AE181A41C13200D339F7 /* artist.getinfo-Cher.json in Resources */,
				112AB0D51A3F01EC00F0C362 /* artist.search-Salut-page2.json in Resources */,
				112AB0CB1A3EFB3D00F0C362 /* artist.search-SalutCestCool.json in Resources */,
				11A4C4DB1A3C666100E9EAB2 /* Images.xcassets in Resources */,
			);
			runOnlyForDeploymentPostprocessing = 0;
		};
		11A4C4FE1A3C7F4200E9EAB2 /* Resources */ = {
			isa = PBXResourcesBuildPhase;
			buildActionMask = 2147483647;
			files = (
				11E3AE191A41C13200D339F7 /* artist.getinfo-Cher.json in Resources */,
				112AB0DE1A3F02A300F0C362 /* artist.search-Salut-page5.json in Resources */,
				112AB0E11A3F032E00F0C362 /* artist.getinfo-70c0cd8b-a942-4b8f-b421-b2b5218e23b6.json in Resources */,
				112AB0DD1A3F02A300F0C362 /* artist.search-Salut-page4.json in Resources */,
				112AB0DC1A3F02A300F0C362 /* artist.search-Salut-page3.json in Resources */,
				112AB0DA1A3F02A300F0C362 /* artist.search-Salut-page1.json in Resources */,
				112AB0DB1A3F02A300F0C362 /* artist.search-Salut-page2.json in Resources */,
				112AB0CD1A3EFB5500F0C362 /* artist.search-SalutCestCool.json in Resources */,
			);
			runOnlyForDeploymentPostprocessing = 0;
		};
		11C26D711A4097D50059A049 /* Resources */ = {
			isa = PBXResourcesBuildPhase;
			buildActionMask = 2147483647;
			files = (
			);
			runOnlyForDeploymentPostprocessing = 0;
		};
/* End PBXResourcesBuildPhase section */

/* Begin PBXSourcesBuildPhase section */
		11A4C4CA1A3C666100E9EAB2 /* Sources */ = {
			isa = PBXSourcesBuildPhase;
			buildActionMask = 2147483647;
			files = (
				11F79DA81A42015500ACE33B /* UIImageView+Haneke.swift in Sources */,
				11F79DA51A42015500ACE33B /* String+Haneke.swift in Sources */,
				11F79D9D1A42015500ACE33B /* Fetch.swift in Sources */,
				11E3AE1B1A41C3F800D339F7 /* Tag.swift in Sources */,
				11F79DD91A4207C100ACE33B /* ArtistTableViewCell.swift in Sources */,
				11F79E211A42EAAE00ACE33B /* ArtistBioTableViewCell.swift in Sources */,
				11F79D971A42015500ACE33B /* Cache.swift in Sources */,
				11E3AE251A41DE8E00D339F7 /* NSDate+apiDate.swift in Sources */,
				11F79DA31A42015500ACE33B /* NSFileManager+Haneke.swift in Sources */,
				11F79D991A42015500ACE33B /* CryptoSwiftMD5.swift in Sources */,
				11F79DA71A42015500ACE33B /* UIImage+Haneke.swift in Sources */,
				11F79DA41A42015500ACE33B /* NSHTTPURLResponse+Haneke.swift in Sources */,
				11F79D9C1A42015500ACE33B /* DiskFetcher.swift in Sources */,
				11F79DA21A42015500ACE33B /* NetworkFetcher.swift in Sources */,
				11A4C4F61A3C6C0E00E9EAB2 /* LFMAPIClient.swift in Sources */,
				11A4C5121A3C80EA00E9EAB2 /* NSURL+urlBuilder.swift in Sources */,
				11C26AF91A4080E20059A049 /* SearchTableViewController.swift in Sources */,
				11F79D9E1A42015500ACE33B /* Fetcher.swift in Sources */,
				11F79DEC1A42E25E00ACE33B /* ArtistTableViewController.swift in Sources */,
				11F79DE51A42E25600ACE33B /* ArtistHeaderTableViewCell.swift in Sources */,
				11F79D9B1A42015500ACE33B /* DiskCache.swift in Sources */,
				11F79D9A1A42015500ACE33B /* Data.swift in Sources */,
				11E3AE1E1A41C42400D339F7 /* ArtistBio.swift in Sources */,
				11F79DA01A42015500ACE33B /* Haneke.swift in Sources */,
				11F79DA91A42015500ACE33B /* UIView+Haneke.swift in Sources */,
				11F79D9F1A42015500ACE33B /* Format.swift in Sources */,
				11C26AF21A3F68B30059A049 /* Artist.swift in Sources */,
				11F79D981A42015500ACE33B /* CGSize+Swift.swift in Sources */,
				11F79DA61A42015500ACE33B /* UIButton+Haneke.swift in Sources */,
				11A4C4D41A3C666100E9EAB2 /* AppDelegate.swift in Sources */,
			);
			runOnlyForDeploymentPostprocessing = 0;
		};
		11A4C4FC1A3C7F4200E9EAB2 /* Sources */ = {
			isa = PBXSourcesBuildPhase;
			buildActionMask = 2147483647;
			files = (
				11E3AE261A41DE8E00D339F7 /* NSDate+apiDate.swift in Sources */,
				11E3AE281A41E05700D339F7 /* NSDate+apiDate_Tests.swift in Sources */,
				112AB0AF1A3C8A9E00F0C362 /* NSURL+urlBuilder_Tests.swift in Sources */,
				11A4C50E1A3C7F5B00E9EAB2 /* LFMAPIClient_Tests.swift in Sources */,
				11C26AF61A4079CE0059A049 /* Artist_Tests.swift in Sources */,
				11E3AE211A41CD9A00D339F7 /* Tag_Tests.swift in Sources */,
				11E3AE1F1A41C42400D339F7 /* ArtistBio.swift in Sources */,
				11E3AE231A41D70500D339F7 /* ArtistBio_Tests.swift in Sources */,
				11E3AE1C1A41C3F800D339F7 /* Tag.swift in Sources */,
				112AB0B01A3C8AA300F0C362 /* NSURL+urlBuilder.swift in Sources */,
				11C26AF31A3F68DC0059A049 /* Artist.swift in Sources */,
				11A4C50F1A3C7F6600E9EAB2 /* LFMAPIClient.swift in Sources */,
			);
			runOnlyForDeploymentPostprocessing = 0;
		};
		11C26D6F1A4097D50059A049 /* Sources */ = {
			isa = PBXSourcesBuildPhase;
			buildActionMask = 2147483647;
			files = (
				11C26D951A40998B0059A049 /* UITests.swift in Sources */,
			);
			runOnlyForDeploymentPostprocessing = 0;
		};
/* End PBXSourcesBuildPhase section */

/* Begin PBXTargetDependency section */
		11A4C5071A3C7F4200E9EAB2 /* PBXTargetDependency */ = {
			isa = PBXTargetDependency;
			target = 11A4C4CD1A3C666100E9EAB2 /* LastFMTest */;
			targetProxy = 11A4C5061A3C7F4200E9EAB2 /* PBXContainerItemProxy */;
		};
		11C26D7A1A4097D50059A049 /* PBXTargetDependency */ = {
			isa = PBXTargetDependency;
			target = 11A4C4CD1A3C666100E9EAB2 /* LastFMTest */;
			targetProxy = 11C26D791A4097D50059A049 /* PBXContainerItemProxy */;
		};
		11E3AE161A41B31200D339F7 /* PBXTargetDependency */ = {
			isa = PBXTargetDependency;
			name = KIF;
			targetProxy = 11E3AE151A41B31200D339F7 /* PBXContainerItemProxy */;
		};
/* End PBXTargetDependency section */

/* Begin PBXVariantGroup section */
		11A4C4D71A3C666100E9EAB2 /* Main.storyboard */ = {
			isa = PBXVariantGroup;
			children = (
				11A4C4D81A3C666100E9EAB2 /* Base */,
			);
			name = Main.storyboard;
			sourceTree = "<group>";
		};
		11A4C4DC1A3C666100E9EAB2 /* LaunchScreen.xib */ = {
			isa = PBXVariantGroup;
			children = (
				11A4C4DD1A3C666100E9EAB2 /* Base */,
			);
			name = LaunchScreen.xib;
			sourceTree = "<group>";
		};
/* End PBXVariantGroup section */

/* Begin XCBuildConfiguration section */
		11A4C4EB1A3C666100E9EAB2 /* Debug */ = {
			isa = XCBuildConfiguration;
			buildSettings = {
				ALWAYS_SEARCH_USER_PATHS = NO;
				CLANG_CXX_LANGUAGE_STANDARD = "gnu++0x";
				CLANG_CXX_LIBRARY = "libc++";
				CLANG_ENABLE_MODULES = YES;
				CLANG_ENABLE_OBJC_ARC = YES;
				CLANG_WARN_BOOL_CONVERSION = YES;
				CLANG_WARN_CONSTANT_CONVERSION = YES;
				CLANG_WARN_DIRECT_OBJC_ISA_USAGE = YES_ERROR;
				CLANG_WARN_EMPTY_BODY = YES;
				CLANG_WARN_ENUM_CONVERSION = YES;
				CLANG_WARN_INT_CONVERSION = YES;
				CLANG_WARN_OBJC_ROOT_CLASS = YES_ERROR;
				CLANG_WARN_UNREACHABLE_CODE = YES;
				CLANG_WARN__DUPLICATE_METHOD_MATCH = YES;
				"CODE_SIGN_IDENTITY[sdk=iphoneos*]" = "iPhone Developer";
				COPY_PHASE_STRIP = NO;
				ENABLE_STRICT_OBJC_MSGSEND = YES;
				GCC_C_LANGUAGE_STANDARD = gnu99;
				GCC_DYNAMIC_NO_PIC = NO;
				GCC_OPTIMIZATION_LEVEL = 0;
				GCC_PREPROCESSOR_DEFINITIONS = (
					"DEBUG=1",
					"$(inherited)",
				);
				GCC_SYMBOLS_PRIVATE_EXTERN = NO;
				GCC_WARN_64_TO_32_BIT_CONVERSION = YES;
				GCC_WARN_ABOUT_RETURN_TYPE = YES_ERROR;
				GCC_WARN_UNDECLARED_SELECTOR = YES;
				GCC_WARN_UNINITIALIZED_AUTOS = YES_AGGRESSIVE;
				GCC_WARN_UNUSED_FUNCTION = YES;
				GCC_WARN_UNUSED_VARIABLE = YES;
				IPHONEOS_DEPLOYMENT_TARGET = 8.1;
				MTL_ENABLE_DEBUG_INFO = YES;
				ONLY_ACTIVE_ARCH = YES;
				SDKROOT = iphoneos;
				SWIFT_OPTIMIZATION_LEVEL = "-Onone";
			};
			name = Debug;
		};
		11A4C4EC1A3C666100E9EAB2 /* Release */ = {
			isa = XCBuildConfiguration;
			buildSettings = {
				ALWAYS_SEARCH_USER_PATHS = NO;
				CLANG_CXX_LANGUAGE_STANDARD = "gnu++0x";
				CLANG_CXX_LIBRARY = "libc++";
				CLANG_ENABLE_MODULES = YES;
				CLANG_ENABLE_OBJC_ARC = YES;
				CLANG_WARN_BOOL_CONVERSION = YES;
				CLANG_WARN_CONSTANT_CONVERSION = YES;
				CLANG_WARN_DIRECT_OBJC_ISA_USAGE = YES_ERROR;
				CLANG_WARN_EMPTY_BODY = YES;
				CLANG_WARN_ENUM_CONVERSION = YES;
				CLANG_WARN_INT_CONVERSION = YES;
				CLANG_WARN_OBJC_ROOT_CLASS = YES_ERROR;
				CLANG_WARN_UNREACHABLE_CODE = YES;
				CLANG_WARN__DUPLICATE_METHOD_MATCH = YES;
				"CODE_SIGN_IDENTITY[sdk=iphoneos*]" = "iPhone Developer";
				COPY_PHASE_STRIP = YES;
				ENABLE_NS_ASSERTIONS = NO;
				ENABLE_STRICT_OBJC_MSGSEND = YES;
				GCC_C_LANGUAGE_STANDARD = gnu99;
				GCC_WARN_64_TO_32_BIT_CONVERSION = YES;
				GCC_WARN_ABOUT_RETURN_TYPE = YES_ERROR;
				GCC_WARN_UNDECLARED_SELECTOR = YES;
				GCC_WARN_UNINITIALIZED_AUTOS = YES_AGGRESSIVE;
				GCC_WARN_UNUSED_FUNCTION = YES;
				GCC_WARN_UNUSED_VARIABLE = YES;
				IPHONEOS_DEPLOYMENT_TARGET = 8.1;
				MTL_ENABLE_DEBUG_INFO = NO;
				SDKROOT = iphoneos;
				VALIDATE_PRODUCT = YES;
			};
			name = Release;
		};
		11A4C4EE1A3C666100E9EAB2 /* Debug */ = {
			isa = XCBuildConfiguration;
			buildSettings = {
				ASSETCATALOG_COMPILER_APPICON_NAME = AppIcon;
				INFOPLIST_FILE = LastFMTest/Info.plist;
				LD_RUNPATH_SEARCH_PATHS = "$(inherited) @executable_path/Frameworks";
				PRODUCT_NAME = "$(TARGET_NAME)";
			};
			name = Debug;
		};
		11A4C4EF1A3C666100E9EAB2 /* Release */ = {
			isa = XCBuildConfiguration;
			buildSettings = {
				ASSETCATALOG_COMPILER_APPICON_NAME = AppIcon;
				INFOPLIST_FILE = LastFMTest/Info.plist;
				LD_RUNPATH_SEARCH_PATHS = "$(inherited) @executable_path/Frameworks";
				PRODUCT_NAME = "$(TARGET_NAME)";
			};
			name = Release;
		};
		11A4C5091A3C7F4300E9EAB2 /* Debug */ = {
			isa = XCBuildConfiguration;
			buildSettings = {
				BUNDLE_LOADER = "$(TEST_HOST)";
				FRAMEWORK_SEARCH_PATHS = (
					"$(SDKROOT)/Developer/Library/Frameworks",
					"$(inherited)",
				);
				GCC_PREPROCESSOR_DEFINITIONS = (
					"DEBUG=1",
					"$(inherited)",
				);
				INFOPLIST_FILE = Tests/Info.plist;
				LD_RUNPATH_SEARCH_PATHS = "$(inherited) @executable_path/Frameworks @loader_path/Frameworks";
				OTHER_SWIFT_FLAGS = "-D TESTING";
				PRODUCT_NAME = "$(TARGET_NAME)";
				TEST_HOST = "$(BUILT_PRODUCTS_DIR)/LastFMTest.app/LastFMTest";
			};
			name = Debug;
		};
		11A4C50A1A3C7F4300E9EAB2 /* Release */ = {
			isa = XCBuildConfiguration;
			buildSettings = {
				BUNDLE_LOADER = "$(TEST_HOST)";
				FRAMEWORK_SEARCH_PATHS = (
					"$(SDKROOT)/Developer/Library/Frameworks",
					"$(inherited)",
				);
				INFOPLIST_FILE = Tests/Info.plist;
				LD_RUNPATH_SEARCH_PATHS = "$(inherited) @executable_path/Frameworks @loader_path/Frameworks";
				OTHER_SWIFT_FLAGS = "-D TESTING";
				PRODUCT_NAME = "$(TARGET_NAME)";
				TEST_HOST = "$(BUILT_PRODUCTS_DIR)/LastFMTest.app/LastFMTest";
			};
			name = Release;
		};
		11C26D7C1A4097D50059A049 /* Debug */ = {
			isa = XCBuildConfiguration;
			buildSettings = {
				BUNDLE_LOADER = "$(BUILT_PRODUCTS_DIR)/LastFMTest.app/LastFMTest";
				CLANG_ENABLE_MODULES = YES;
				FRAMEWORK_SEARCH_PATHS = (
					"$(SDKROOT)/Developer/Library/Frameworks",
					"$(inherited)",
				);
				GCC_PREPROCESSOR_DEFINITIONS = (
					"DEBUG=1",
					"$(inherited)",
				);
				INFOPLIST_FILE = UITests/Info.plist;
				LD_RUNPATH_SEARCH_PATHS = "$(inherited) @executable_path/Frameworks @loader_path/Frameworks";
				OTHER_LDFLAGS = (
					"$(inherited)",
					"-framework",
					XCTest,
					"-ObjC",
				);
				PRODUCT_NAME = "$(TARGET_NAME)";
				SWIFT_OBJC_BRIDGING_HEADER = "${SRCROOT}/UITests/BridgingHeader.h";
				SWIFT_OPTIMIZATION_LEVEL = "-Onone";
				TEST_HOST = "$(BUILT_PRODUCTS_DIR)/LastFMTest.app/LastFMTest";
			};
			name = Debug;
		};
		11C26D7D1A4097D50059A049 /* Release */ = {
			isa = XCBuildConfiguration;
			buildSettings = {
				BUNDLE_LOADER = "$(BUILT_PRODUCTS_DIR)/LastFMTest.app/LastFMTest";
				CLANG_ENABLE_MODULES = YES;
				FRAMEWORK_SEARCH_PATHS = (
					"$(SDKROOT)/Developer/Library/Frameworks",
					"$(inherited)",
				);
				INFOPLIST_FILE = UITests/Info.plist;
				LD_RUNPATH_SEARCH_PATHS = "$(inherited) @executable_path/Frameworks @loader_path/Frameworks";
				OTHER_LDFLAGS = (
					"$(inherited)",
					"-framework",
					XCTest,
					"-ObjC",
				);
				PRODUCT_NAME = "$(TARGET_NAME)";
				SWIFT_OBJC_BRIDGING_HEADER = "${SRCROOT}/UITests/BridgingHeader.h";
				TEST_HOST = "$(BUILT_PRODUCTS_DIR)/LastFMTest.app/LastFMTest";
			};
			name = Release;
		};
/* End XCBuildConfiguration section */

/* Begin XCConfigurationList section */
		11A4C4C91A3C666100E9EAB2 /* Build configuration list for PBXProject "LastFMTest" */ = {
			isa = XCConfigurationList;
			buildConfigurations = (
				11A4C4EB1A3C666100E9EAB2 /* Debug */,
				11A4C4EC1A3C666100E9EAB2 /* Release */,
			);
			defaultConfigurationIsVisible = 0;
			defaultConfigurationName = Release;
		};
		11A4C4ED1A3C666100E9EAB2 /* Build configuration list for PBXNativeTarget "LastFMTest" */ = {
			isa = XCConfigurationList;
			buildConfigurations = (
				11A4C4EE1A3C666100E9EAB2 /* Debug */,
				11A4C4EF1A3C666100E9EAB2 /* Release */,
			);
			defaultConfigurationIsVisible = 0;
			defaultConfigurationName = Release;
		};
		11A4C5081A3C7F4300E9EAB2 /* Build configuration list for PBXNativeTarget "Tests" */ = {
			isa = XCConfigurationList;
			buildConfigurations = (
				11A4C5091A3C7F4300E9EAB2 /* Debug */,
				11A4C50A1A3C7F4300E9EAB2 /* Release */,
			);
			defaultConfigurationIsVisible = 0;
			defaultConfigurationName = Release;
		};
		11C26D7B1A4097D50059A049 /* Build configuration list for PBXNativeTarget "UITests" */ = {
			isa = XCConfigurationList;
			buildConfigurations = (
				11C26D7C1A4097D50059A049 /* Debug */,
				11C26D7D1A4097D50059A049 /* Release */,
			);
			defaultConfigurationIsVisible = 0;
			defaultConfigurationName = Release;
		};
/* End XCConfigurationList section */
	};
	rootObject = 11A4C4C61A3C666100E9EAB2 /* Project object */;
}
